<?xml version="1.0" encoding="utf-8"?>
<Project ToolsVersion="4.0" xmlns="http://schemas.microsoft.com/developer/msbuild/2003">
  <ItemGroup>
    <ClCompile Include="..\..\cocos2d\cocos\2d\platform\wp8-xaml\cpp\Cocos2dRenderer.cpp" />
    <ClCompile Include="..\..\cocos2d\cocos\2d\platform\wp8-xaml\cpp\Direct3DContentProvider.cpp" />
    <ClCompile Include="..\..\cocos2d\cocos\2d\platform\wp8-xaml\cpp\Direct3DInterop.cpp" />
    <ClCompile Include="..\..\cocos2d\cocos\2d\platform\wp8-xaml\cpp\DirectXBase.cpp" />
    <ClCompile Include="..\..\cocos2d\cocos\2d\platform\wp8-xaml\cpp\EditBoxEvent.cpp" />
    <ClCompile Include="..\..\cocos2d\cocos\2d\platform\wp8-xaml\cpp\InputEvent.cpp" />
    <ClCompile Include="pch.cpp" />
    <ClCompile Include="..\..\Classes\AppDelegate.cpp">
      <Filter>Classes</Filter>
    </ClCompile>
    <ClCompile Include="..\..\Classes\HelloWorldScene.cpp">
      <Filter>Classes</Filter>
    </ClCompile>
    <ClCompile Include="..\..\Classes\ckbase\CKCommon.cpp">
      <Filter>Classes\ckbase</Filter>
    </ClCompile>
    <ClCompile Include="..\..\Classes\ckbase\CKConstants.cpp">
      <Filter>Classes\ckbase</Filter>
    </ClCompile>
    <ClCompile Include="..\..\Classes\ckbase\CKDialog.cpp">
      <Filter>Classes\ckbase</Filter>
    </ClCompile>
    <ClCompile Include="..\..\Classes\ckbase\CKGameDataManager.cpp">
      <Filter>Classes\ckbase</Filter>
    </ClCompile>
    <ClCompile Include="..\..\Classes\ckbase\CKGameManager.cpp">
      <Filter>Classes\ckbase</Filter>
    </ClCompile>
    <ClCompile Include="..\..\Classes\ckbase\CKModel.cpp">
      <Filter>Classes\ckbase</Filter>
    </ClCompile>
    <ClCompile Include="..\..\Classes\ckbase\CKProtocols.cpp">
      <Filter>Classes\ckbase</Filter>
    </ClCompile>
    <ClCompile Include="..\..\Classes\ckbase\CKScene.cpp">
      <Filter>Classes\ckbase</Filter>
    </ClCompile>
    <ClCompile Include="..\..\Classes\ckbase\extentions\trigger\acts.cpp">
      <Filter>Classes\ckbase\extentions\trigger</Filter>
    </ClCompile>
    <ClCompile Include="..\..\Classes\ckbase\extentions\trigger\cons.cpp">
      <Filter>Classes\ckbase\extentions\trigger</Filter>
    </ClCompile>
    <ClCompile Include="..\..\Classes\ckbase\extentions\pay\CKDefaultPayEngine.cpp">
      <Filter>Classes\ckbase\extentions\pay</Filter>
    </ClCompile>
    <ClCompile Include="..\..\Classes\ckbase\extentions\pay\CKPayEngine.cpp">
      <Filter>Classes\ckbase\extentions\pay</Filter>
    </ClCompile>
    <ClCompile Include="..\..\Classes\ckbase\device\CKDefaultDeviceEngine.cpp">
      <Filter>Classes\ckbase\device</Filter>
    </ClCompile>
    <ClCompile Include="..\..\Classes\ckbase\device\CKDeviceEngine.cpp">
      <Filter>Classes\ckbase\device</Filter>
    </ClCompile>
    <ClCompile Include="..\..\Classes\ckbase\network\CKHttpUtils.cpp">
      <Filter>Classes\ckbase\network</Filter>
    </ClCompile>
    <ClCompile Include="..\..\cocos2d\cocos\2d\platform\wp8-xaml\cpp\WP8DataEvent.cpp" />
    <ClCompile Include="..\..\cocos2d\cocos\2d\platform\wp8-xaml\cpp\WP8DataManager.cpp" />
    <ClCompile Include="..\..\Classes\FightScene.cpp">
      <Filter>Classes</Filter>
    </ClCompile>
  </ItemGroup>
  <ItemGroup>
    <ClInclude Include="..\..\cocos2d\cocos\2d\platform\wp8-xaml\cpp\Cocos2dRenderer.h" />
    <ClInclude Include="..\..\cocos2d\cocos\2d\platform\wp8-xaml\cpp\Direct3DContentProvider.h" />
    <ClInclude Include="..\..\cocos2d\cocos\2d\platform\wp8-xaml\cpp\Direct3DInterop.h" />
    <ClInclude Include="..\..\cocos2d\cocos\2d\platform\wp8-xaml\cpp\DirectXBase.h" />
    <ClInclude Include="..\..\cocos2d\cocos\2d\platform\wp8-xaml\cpp\DirectXHelper.h" />
    <ClInclude Include="..\..\cocos2d\cocos\2d\platform\wp8-xaml\cpp\EditBoxEvent.h" />
    <ClInclude Include="..\..\cocos2d\cocos\2d\platform\wp8-xaml\cpp\InputEvent.h" />
    <ClInclude Include="..\..\cocos2d\cocos\2d\platform\wp8-xaml\cpp\InputEventTypes.h" />
    <ClInclude Include="pch.h" />
    <ClInclude Include="..\..\Classes\AppDelegate.h">
      <Filter>Classes</Filter>
    </ClInclude>
    <ClInclude Include="..\..\Classes\HelloWorldScene.h">
      <Filter>Classes</Filter>
    </ClInclude>
    <ClInclude Include="..\..\Classes\ckbase\CKCommon.h">
      <Filter>Classes\ckbase</Filter>
    </ClInclude>
    <ClInclude Include="..\..\Classes\ckbase\CKConstants.h">
      <Filter>Classes\ckbase</Filter>
    </ClInclude>
    <ClInclude Include="..\..\Classes\ckbase\CKDialog.h">
      <Filter>Classes\ckbase</Filter>
    </ClInclude>
    <ClInclude Include="..\..\Classes\ckbase\CKGameDataManager.h">
      <Filter>Classes\ckbase</Filter>
    </ClInclude>
    <ClInclude Include="..\..\Classes\ckbase\CKGameManager.h">
      <Filter>Classes\ckbase</Filter>
    </ClInclude>
    <ClInclude Include="..\..\Classes\ckbase\CKModel.h">
      <Filter>Classes\ckbase</Filter>
    </ClInclude>
    <ClInclude Include="..\..\Classes\ckbase\CKProtocols.h">
      <Filter>Classes\ckbase</Filter>
    </ClInclude>
    <ClInclude Include="..\..\Classes\ckbase\CKScene.h">
      <Filter>Classes\ckbase</Filter>
    </ClInclude>
    <ClInclude Include="..\..\Classes\ckbase\extentions\trigger\acts.h">
      <Filter>Classes\ckbase\extentions\trigger</Filter>
    </ClInclude>
    <ClInclude Include="..\..\Classes\ckbase\extentions\trigger\cons.h">
      <Filter>Classes\ckbase\extentions\trigger</Filter>
    </ClInclude>
    <ClInclude Include="..\..\Classes\ckbase\extentions\trigger\EventDef.h">
      <Filter>Classes\ckbase\extentions\trigger</Filter>
    </ClInclude>
    <ClInclude Include="..\..\Classes\ckbase\extentions\pay\CKDefaultPayEngine.h">
      <Filter>Classes\ckbase\extentions\pay</Filter>
    </ClInclude>
    <ClInclude Include="..\..\Classes\ckbase\extentions\pay\CKPayEngine.h">
      <Filter>Classes\ckbase\extentions\pay</Filter>
    </ClInclude>
    <ClInclude Include="..\..\Classes\ckbase\device\CKDefaultDeviceEngine.h">
      <Filter>Classes\ckbase\device</Filter>
    </ClInclude>
    <ClInclude Include="..\..\Classes\ckbase\device\CKDeviceEngine.h">
      <Filter>Classes\ckbase\device</Filter>
    </ClInclude>
    <ClInclude Include="..\..\Classes\ckbase\network\CKHttpUtils.h">
      <Filter>Classes\ckbase\network</Filter>
    </ClInclude>
    <ClInclude Include="..\..\cocos2d\cocos\2d\platform\wp8-xaml\cpp\WP8DataEvent.h" />
    <ClInclude Include="..\..\cocos2d\cocos\2d\platform\wp8-xaml\cpp\WP8DataManager.h" />
    <ClInclude Include="..\..\Classes\FightScene.h">
      <Filter>Classes</Filter>
    </ClInclude>
  </ItemGroup>
  <ItemGroup>
    <Filter Include="Classes">
      <UniqueIdentifier>{facbd0ff-d271-46ef-8324-beff0cbcb424}</UniqueIdentifier>
    </Filter>
    <Filter Include="Classes\ckbase">
      <UniqueIdentifier>{57345b71-dad8-4dd6-ba09-98662ad99e97}</UniqueIdentifier>
    </Filter>
    <Filter Include="Classes\ckbase\device">
      <UniqueIdentifier>{4a82ee42-da0e-4cce-972d-a675a674b12b}</UniqueIdentifier>
    </Filter>
    <Filter Include="Classes\ckbase\extentions">
      <UniqueIdentifier>{c91c3cb0-9e8e-416b-8dd9-fd77ceb292bb}</UniqueIdentifier>
    </Filter>
    <Filter Include="Classes\ckbase\extentions\pay">
      <UniqueIdentifier>{d2352664-a14e-47b1-a92f-85cd7579dc0d}</UniqueIdentifier>
    </Filter>
    <Filter Include="Classes\ckbase\extentions\trigger">
      <UniqueIdentifier>{68ae7c62-beef-4e0c-8c52-0dce631aba31}</UniqueIdentifier>
    </Filter>
    <Filter Include="Classes\ckbase\network">
      <UniqueIdentifier>{9656fcb7-9b59-4e31-bfc4-0d46e8cf8bf8}</UniqueIdentifier>
    </Filter>
  </ItemGroup>
  <ItemGroup>
    <None Include="..\..\cocos2d\external\wp8-specific\angle\prebuilt\Win32\libEGL_phone.dll" />
    <None Include="..\..\cocos2d\external\wp8-specific\angle\prebuilt\Win32\libGLESv2_phone.dll" />
    <None Include="..\..\cocos2d\external\wp8-specific\angle\prebuilt\ARM\libEGL_phone.dll" />
    <None Include="..\..\cocos2d\external\wp8-specific\angle\prebuilt\ARM\libGLESv2_phone.dll" />
    <None Include="..\..\cocos2dexternal\curl\prebuilt\wp8\arm\libcurl.dll" />
    <None Include="..\..\cocos2dexternal\curl\prebuilt\wp8\arm\libeay32.dll" />
    <None Include="..\..\cocos2dexternal\curl\prebuilt\wp8\arm\ssleay32.dll" />
    <None Include="..\..\cocos2dexternal\curl\prebuilt\wp8\win32\libcurl.dll" />
    <None Include="..\..\cocos2dexternal\curl\prebuilt\wp8\win32\libeay32.dll" />
    <None Include="..\..\cocos2dexternal\curl\prebuilt\wp8\win32\ssleay32.dll" />
    <None Include="..\..\cocos2dexternal\websockets\prebuilt\wp8\arm\libwebsockets.dll" />
    <None Include="..\..\cocos2dexternal\websockets\prebuilt\wp8\win32\libwebsockets.dll" />
  </ItemGroup>
</Project>