<?xml version="1.0" encoding="utf-8"?>
<Project ToolsVersion="4.0" xmlns="http://schemas.microsoft.com/developer/msbuild/2003">
  <ItemGroup>
    <Filter Include="win32">
      <UniqueIdentifier>{84a8ebd7-7cf0-47f6-b75e-d441df67da40}</UniqueIdentifier>
    </Filter>
    <Filter Include="Classes">
      <UniqueIdentifier>{bb6c862e-70e9-49d9-81b7-3829a6f50471}</UniqueIdentifier>
    </Filter>
    <Filter Include="resource">
      <UniqueIdentifier>{715254bc-d70b-4ec5-bf29-467dd3ace079}</UniqueIdentifier>
    </Filter>
    <Filter Include="Classes\ckbase">
      <UniqueIdentifier>{f74e4b60-339d-4929-b326-e7dd1f023b38}</UniqueIdentifier>
    </Filter>
  </ItemGroup>
  <ItemGroup>
    <ClCompile Include="main.cpp">
      <Filter>win32</Filter>
    </ClCompile>
    <ClCompile Include="..\Classes\AppDelegate.cpp">
      <Filter>Classes</Filter>
    </ClCompile>
    <ClCompile Include="..\Classes\HelloWorldScene.cpp">
      <Filter>Classes</Filter>
    </ClCompile>
    <ClCompile Include="..\Classes\ckbase\CKCommon.cpp">
      <Filter>Classes\ckbase</Filter>
    </ClCompile>
    <ClCompile Include="..\Classes\ckbase\CKModel.cpp">
      <Filter>Classes\ckbase</Filter>
    </ClCompile>
    <ClCompile Include="..\Classes\ckbase\CKProtocols.cpp">
      <Filter>Classes\ckbase</Filter>
    </ClCompile>
    <ClCompile Include="..\Classes\ckbase\CKScene.cpp">
      <Filter>Classes\ckbase</Filter>
    </ClCompile>
    <ClCompile Include="..\Classes\ckbase\CKManager.cpp">
      <Filter>Classes\ckbase</Filter>
    </ClCompile>
    <ClCompile Include="..\Classes\ckbase\CKGameDataManager.cpp">
      <Filter>Classes\ckbase</Filter>
    </ClCompile>
  </ItemGroup>
  <ItemGroup>
    <ClInclude Include="main.h">
      <Filter>win32</Filter>
    </ClInclude>
    <ClInclude Include="..\Classes\AppDelegate.h">
      <Filter>Classes</Filter>
    </ClInclude>
    <ClInclude Include="..\Classes\HelloWorldScene.h">
      <Filter>Classes</Filter>
    </ClInclude>
    <ClInclude Include="..\Classes\ckbase\CKCommon.h">
      <Filter>Classes\ckbase</Filter>
    </ClInclude>
    <ClInclude Include="..\Classes\ckbase\CKModel.h">
      <Filter>Classes\ckbase</Filter>
    </ClInclude>
    <ClInclude Include="..\Classes\ckbase\CKProtocols.h">
      <Filter>Classes\ckbase</Filter>
    </ClInclude>
    <ClInclude Include="..\Classes\ckbase\CKScene.h">
      <Filter>Classes\ckbase</Filter>
    </ClInclude>
    <ClInclude Include="..\Classes\ckbase\CKManager.h">
      <Filter>Classes\ckbase</Filter>
    </ClInclude>
    <ClInclude Include="..\Classes\ckbase\CKGameDataManager.h">
      <Filter>Classes\ckbase</Filter>
    </ClInclude>
  </ItemGroup>
  <ItemGroup>
    <ResourceCompile Include="game.rc">
      <Filter>resource</Filter>
    </ResourceCompile>
  </ItemGroup>
</Project>