<?xml version="1.0" encoding="utf-8"?>
<Project ToolsVersion="4.0" xmlns="http://schemas.microsoft.com/developer/msbuild/2003">
  <ItemGroup>
    <Filter Include="win32">
      <UniqueIdentifier>{84a8ebd7-7cf0-47f6-b75e-d441df67da40}</UniqueIdentifier>
    </Filter>
    <Filter Include="Classes">
      <UniqueIdentifier>{bb6c862e-70e9-49d9-81b7-3829a6f50471}</UniqueIdentifier>
    </Filter>
    <Filter Include="resource">
      <UniqueIdentifier>{715254bc-d70b-4ec5-bf29-467dd3ace079}</UniqueIdentifier>
    </Filter>
    <Filter Include="Classes\ckbase">
      <UniqueIdentifier>{f74e4b60-339d-4929-b326-e7dd1f023b38}</UniqueIdentifier>
    </Filter>
    <Filter Include="Classes\ckbase\extentions">
      <UniqueIdentifier>{2b2d41cc-874a-4474-96ca-9462033bb79d}</UniqueIdentifier>
    </Filter>
    <Filter Include="Classes\ckbase\extentions\pay">
      <UniqueIdentifier>{ec7355fc-7881-4a77-8c5b-9bd583edf3d0}</UniqueIdentifier>
    </Filter>
    <Filter Include="Classes\ckbase\extentions\trigger">
      <UniqueIdentifier>{82155a50-31ab-42f0-8776-d99fd0f304a3}</UniqueIdentifier>
    </Filter>
    <Filter Include="Classes\ckbase\device">
      <UniqueIdentifier>{8e2e62d4-9b71-4435-bee4-6d9f3fea8e9b}</UniqueIdentifier>
    </Filter>
    <Filter Include="Classes\ckbase\network">
      <UniqueIdentifier>{4ee2a490-eb7a-41f2-845f-fa0813a68fd9}</UniqueIdentifier>
    </Filter>
  </ItemGroup>
  <ItemGroup>
    <ClCompile Include="main.cpp">
      <Filter>win32</Filter>
    </ClCompile>
    <ClCompile Include="..\Classes\AppDelegate.cpp">
      <Filter>Classes</Filter>
    </ClCompile>
    <ClCompile Include="..\Classes\HelloWorldScene.cpp">
      <Filter>Classes</Filter>
    </ClCompile>
    <ClCompile Include="..\Classes\ckbase\CKCommon.cpp">
      <Filter>Classes\ckbase</Filter>
    </ClCompile>
    <ClCompile Include="..\Classes\ckbase\CKModel.cpp">
      <Filter>Classes\ckbase</Filter>
    </ClCompile>
    <ClCompile Include="..\Classes\ckbase\CKProtocols.cpp">
      <Filter>Classes\ckbase</Filter>
    </ClCompile>
    <ClCompile Include="..\Classes\ckbase\CKScene.cpp">
      <Filter>Classes\ckbase</Filter>
    </ClCompile>
    <ClCompile Include="..\Classes\ckbase\CKGameDataManager.cpp">
      <Filter>Classes\ckbase</Filter>
    </ClCompile>
    <ClCompile Include="..\Classes\ckbase\CKConstants.cpp">
      <Filter>Classes\ckbase</Filter>
    </ClCompile>
    <ClCompile Include="..\Classes\ckbase\extentions\pay\CKDefaultPayEngine.cpp">
      <Filter>Classes\ckbase\extentions\pay</Filter>
    </ClCompile>
    <ClCompile Include="..\Classes\ckbase\extentions\pay\CKPayEngine.cpp">
      <Filter>Classes\ckbase\extentions\pay</Filter>
    </ClCompile>
    <ClCompile Include="..\Classes\ckbase\extentions\pay\CKAndroidPayEngine.cpp">
      <Filter>Classes\ckbase\extentions\pay</Filter>
    </ClCompile>
    <ClCompile Include="..\Classes\ckbase\CKDialog.cpp">
      <Filter>Classes\ckbase</Filter>
    </ClCompile>
    <ClCompile Include="..\Classes\ckbase\extentions\trigger\acts.cpp">
      <Filter>Classes\ckbase\extentions\trigger</Filter>
    </ClCompile>
    <ClCompile Include="..\Classes\ckbase\extentions\trigger\cons.cpp">
      <Filter>Classes\ckbase\extentions\trigger</Filter>
    </ClCompile>
    <ClCompile Include="..\Classes\FightScene.cpp">
      <Filter>Classes</Filter>
    </ClCompile>
    <ClCompile Include="..\Classes\ckbase\device\CKDefaultDeviceEngine.cpp">
      <Filter>Classes\ckbase\device</Filter>
    </ClCompile>
    <ClCompile Include="..\Classes\ckbase\device\CKDeviceEngine.cpp">
      <Filter>Classes\ckbase\device</Filter>
    </ClCompile>
    <ClCompile Include="..\Classes\ckbase\device\CKAndroidDeviceEngine.cpp">
      <Filter>Classes\ckbase\device</Filter>
    </ClCompile>
    <ClCompile Include="..\Classes\ckbase\network\CKHttpUtils.cpp">
      <Filter>Classes\ckbase\network</Filter>
    </ClCompile>
  </ItemGroup>
  <ItemGroup>
    <ClInclude Include="main.h">
      <Filter>win32</Filter>
    </ClInclude>
    <ClInclude Include="..\Classes\AppDelegate.h">
      <Filter>Classes</Filter>
    </ClInclude>
    <ClInclude Include="..\Classes\HelloWorldScene.h">
      <Filter>Classes</Filter>
    </ClInclude>
    <ClInclude Include="..\Classes\ckbase\CKCommon.h">
      <Filter>Classes\ckbase</Filter>
    </ClInclude>
    <ClInclude Include="..\Classes\ckbase\CKModel.h">
      <Filter>Classes\ckbase</Filter>
    </ClInclude>
    <ClInclude Include="..\Classes\ckbase\CKProtocols.h">
      <Filter>Classes\ckbase</Filter>
    </ClInclude>
    <ClInclude Include="..\Classes\ckbase\CKScene.h">
      <Filter>Classes\ckbase</Filter>
    </ClInclude>
    <ClInclude Include="..\Classes\ckbase\CKGameDataManager.h">
      <Filter>Classes\ckbase</Filter>
    </ClInclude>
    <ClInclude Include="..\Classes\ckbase\CKConstants.h">
      <Filter>Classes\ckbase</Filter>
    </ClInclude>
    <ClInclude Include="..\Classes\ckbase\extentions\pay\CKDefaultPayEngine.h">
      <Filter>Classes\ckbase\extentions\pay</Filter>
    </ClInclude>
    <ClInclude Include="..\Classes\ckbase\extentions\pay\CKPayEngine.h">
      <Filter>Classes\ckbase\extentions\pay</Filter>
    </ClInclude>
    <ClInclude Include="..\Classes\ckbase\extentions\pay\CKAndroidPayEngine.h">
      <Filter>Classes\ckbase\extentions\pay</Filter>
    </ClInclude>
    <ClInclude Include="..\Classes\ckbase\CKDialog.h">
      <Filter>Classes\ckbase</Filter>
    </ClInclude>
    <ClInclude Include="..\Classes\ckbase\extentions\trigger\acts.h">
      <Filter>Classes\ckbase\extentions\trigger</Filter>
    </ClInclude>
    <ClInclude Include="..\Classes\ckbase\extentions\trigger\cons.h">
      <Filter>Classes\ckbase\extentions\trigger</Filter>
    </ClInclude>
    <ClInclude Include="..\Classes\ckbase\extentions\trigger\EventDef.h">
      <Filter>Classes\ckbase\extentions\trigger</Filter>
    </ClInclude>
    <ClInclude Include="..\Classes\FightScene.h">
      <Filter>Classes</Filter>
    </ClInclude>
    <ClInclude Include="..\Classes\ckbase\device\CKDefaultDeviceEngine.h">
      <Filter>Classes\ckbase\device</Filter>
    </ClInclude>
    <ClInclude Include="..\Classes\ckbase\device\CKDeviceEngine.h">
      <Filter>Classes\ckbase\device</Filter>
    </ClInclude>
    <ClInclude Include="..\Classes\ckbase\device\CKAndroidDeviceEngine.h">
      <Filter>Classes\ckbase\device</Filter>
    </ClInclude>
    <ClInclude Include="..\Classes\ckbase\network\CKHttpUtils.h">
      <Filter>Classes\ckbase\network</Filter>
    </ClInclude>
  </ItemGroup>
  <ItemGroup>
    <ResourceCompile Include="game.rc">
      <Filter>resource</Filter>
    </ResourceCompile>
  </ItemGroup>
</Project>