<?xml version="1.0" encoding="utf-8"?>
<Project ToolsVersion="4.0" xmlns="http://schemas.microsoft.com/developer/msbuild/2003">
  <ItemGroup>
    <Filter Include="win32">
      <UniqueIdentifier>{84a8ebd7-7cf0-47f6-b75e-d441df67da40}</UniqueIdentifier>
    </Filter>
    <Filter Include="Classes">
      <UniqueIdentifier>{bb6c862e-70e9-49d9-81b7-3829a6f50471}</UniqueIdentifier>
    </Filter>
    <Filter Include="resource">
      <UniqueIdentifier>{715254bc-d70b-4ec5-bf29-467dd3ace079}</UniqueIdentifier>
    </Filter>
    <Filter Include="Classes\ckbase">
      <UniqueIdentifier>{f74e4b60-339d-4929-b326-e7dd1f023b38}</UniqueIdentifier>
    </Filter>
    <Filter Include="Classes\ckbase\extentions">
      <UniqueIdentifier>{2b2d41cc-874a-4474-96ca-9462033bb79d}</UniqueIdentifier>
    </Filter>
    <Filter Include="Classes\ckbase\extentions\pay">
      <UniqueIdentifier>{ec7355fc-7881-4a77-8c5b-9bd583edf3d0}</UniqueIdentifier>
    </Filter>
    <Filter Include="Classes\ckbase\extentions\trigger">
      <UniqueIdentifier>{82155a50-31ab-42f0-8776-d99fd0f304a3}</UniqueIdentifier>
    </Filter>
    <Filter Include="Classes\ckbase\device">
      <UniqueIdentifier>{8e2e62d4-9b71-4435-bee4-6d9f3fea8e9b}</UniqueIdentifier>
    </Filter>
    <Filter Include="Classes\ckbase\network">
      <UniqueIdentifier>{4ee2a490-eb7a-41f2-845f-fa0813a68fd9}</UniqueIdentifier>
    </Filter>
    <Filter Include="Classes\ckbase\extentions\notification">
      <UniqueIdentifier>{4d77d4e5-e174-4684-b3d2-879357c285a8}</UniqueIdentifier>
    </Filter>
    <Filter Include="Classes\ckbase\wrapper">
      <UniqueIdentifier>{5c627365-3455-4f59-a6f7-b04a35afa65d}</UniqueIdentifier>
    </Filter>
    <Filter Include="Classes\ckbase\extentions\ckjson">
      <UniqueIdentifier>{5b55d894-b72d-4e7f-a7d0-a91d0b9706f7}</UniqueIdentifier>
    </Filter>
    <Filter Include="Classes\ckbase\extentions\rating">
      <UniqueIdentifier>{6c320bca-8813-4e33-882b-0ea98612bc06}</UniqueIdentifier>
    </Filter>
    <Filter Include="Classes\ckbase\extentions\messagebox">
      <UniqueIdentifier>{b97db14b-c830-4284-8ccf-c72c53fa39f3}</UniqueIdentifier>
    </Filter>
    <Filter Include="Classes\game">
      <UniqueIdentifier>{729465d5-f8da-48da-a192-2bb99dea729d}</UniqueIdentifier>
    </Filter>
    <Filter Include="Classes\game\colorgame">
      <UniqueIdentifier>{0fd0d8a9-c47f-48b5-9bb0-746f163c2a61}</UniqueIdentifier>
    </Filter>
    <Filter Include="Classes\game\drawgame">
      <UniqueIdentifier>{779233b8-d867-4637-8c05-72b1f7166960}</UniqueIdentifier>
    </Filter>
  </ItemGroup>
  <ItemGroup>
    <ClCompile Include="main.cpp">
      <Filter>win32</Filter>
    </ClCompile>
    <ClCompile Include="..\Classes\AppDelegate.cpp">
      <Filter>Classes</Filter>
    </ClCompile>
    <ClCompile Include="..\Classes\HelloWorldScene.cpp">
      <Filter>Classes</Filter>
    </ClCompile>
    <ClCompile Include="..\Classes\ckbase\CKCommon.cpp">
      <Filter>Classes\ckbase</Filter>
    </ClCompile>
    <ClCompile Include="..\Classes\ckbase\CKModel.cpp">
      <Filter>Classes\ckbase</Filter>
    </ClCompile>
    <ClCompile Include="..\Classes\ckbase\CKProtocols.cpp">
      <Filter>Classes\ckbase</Filter>
    </ClCompile>
    <ClCompile Include="..\Classes\ckbase\CKScene.cpp">
      <Filter>Classes\ckbase</Filter>
    </ClCompile>
    <ClCompile Include="..\Classes\ckbase\CKGameDataManager.cpp">
      <Filter>Classes\ckbase</Filter>
    </ClCompile>
    <ClCompile Include="..\Classes\ckbase\CKConstants.cpp">
      <Filter>Classes\ckbase</Filter>
    </ClCompile>
    <ClCompile Include="..\Classes\ckbase\extentions\pay\CKDefaultPayEngine.cpp">
      <Filter>Classes\ckbase\extentions\pay</Filter>
    </ClCompile>
    <ClCompile Include="..\Classes\ckbase\extentions\pay\CKPayEngine.cpp">
      <Filter>Classes\ckbase\extentions\pay</Filter>
    </ClCompile>
    <ClCompile Include="..\Classes\ckbase\extentions\pay\CKAndroidPayEngine.cpp">
      <Filter>Classes\ckbase\extentions\pay</Filter>
    </ClCompile>
    <ClCompile Include="..\Classes\ckbase\CKDialog.cpp">
      <Filter>Classes\ckbase</Filter>
    </ClCompile>
    <ClCompile Include="..\Classes\ckbase\extentions\trigger\acts.cpp">
      <Filter>Classes\ckbase\extentions\trigger</Filter>
    </ClCompile>
    <ClCompile Include="..\Classes\ckbase\extentions\trigger\cons.cpp">
      <Filter>Classes\ckbase\extentions\trigger</Filter>
    </ClCompile>
    <ClCompile Include="..\Classes\FightScene.cpp">
      <Filter>Classes</Filter>
    </ClCompile>
    <ClCompile Include="..\Classes\ckbase\device\CKDefaultDeviceEngine.cpp">
      <Filter>Classes\ckbase\device</Filter>
    </ClCompile>
    <ClCompile Include="..\Classes\ckbase\device\CKDeviceEngine.cpp">
      <Filter>Classes\ckbase\device</Filter>
    </ClCompile>
    <ClCompile Include="..\Classes\ckbase\device\CKAndroidDeviceEngine.cpp">
      <Filter>Classes\ckbase\device</Filter>
    </ClCompile>
    <ClCompile Include="..\Classes\ckbase\network\CKHttpUtils.cpp">
      <Filter>Classes\ckbase\network</Filter>
    </ClCompile>
    <ClCompile Include="..\Classes\ckbase\CKGameManager.cpp">
      <Filter>Classes\ckbase</Filter>
    </ClCompile>
    <ClCompile Include="..\Classes\ckbase\extentions\notification\CKAndroidNotificationEngine.cpp">
      <Filter>Classes\ckbase\extentions\notification</Filter>
    </ClCompile>
    <ClCompile Include="..\Classes\ckbase\extentions\notification\CKDefaultNotificationEngine.cpp">
      <Filter>Classes\ckbase\extentions\notification</Filter>
    </ClCompile>
    <ClCompile Include="..\Classes\ckbase\extentions\notification\CKNotificationEngine.cpp">
      <Filter>Classes\ckbase\extentions\notification</Filter>
    </ClCompile>
    <ClCompile Include="..\Classes\ckbase\wrapper\CKAndroidWrapper.cpp">
      <Filter>Classes\ckbase\wrapper</Filter>
    </ClCompile>
    <ClCompile Include="..\Classes\ckbase\wrapper\CKDefaultWrapper.cpp">
      <Filter>Classes\ckbase\wrapper</Filter>
    </ClCompile>
    <ClCompile Include="..\Classes\ckbase\network\URLData.cpp">
      <Filter>Classes\ckbase\network</Filter>
    </ClCompile>
    <ClCompile Include="..\Classes\ckbase\network\URLManager.cpp">
      <Filter>Classes\ckbase\network</Filter>
    </ClCompile>
    <ClCompile Include="..\Classes\ckbase\extentions\ckjson\CKJsonHelper.cpp">
      <Filter>Classes\ckbase\extentions\ckjson</Filter>
    </ClCompile>
    <ClCompile Include="..\Classes\ckbase\extentions\ckjson\CKJsonModel.cpp">
      <Filter>Classes\ckbase\extentions\ckjson</Filter>
    </ClCompile>
    <ClCompile Include="..\Classes\ckbase\network\CKHttpModel.cpp">
      <Filter>Classes\ckbase\network</Filter>
    </ClCompile>
    <ClCompile Include="..\Classes\ckbase\wrapper\RSA_CryptionHandler.cpp">
      <Filter>Classes\ckbase\wrapper</Filter>
    </ClCompile>
    <ClCompile Include="..\Classes\ckbase\extentions\rating\CKAndroidRatingEngine.cpp">
      <Filter>Classes\ckbase\extentions\rating</Filter>
    </ClCompile>
    <ClCompile Include="..\Classes\ckbase\extentions\rating\CKDefaultRatingEngine.cpp">
      <Filter>Classes\ckbase\extentions\rating</Filter>
    </ClCompile>
    <ClCompile Include="..\Classes\ckbase\extentions\rating\CKRatingEngine.cpp">
      <Filter>Classes\ckbase\extentions\rating</Filter>
    </ClCompile>
    <ClCompile Include="..\Classes\ckbase\extentions\rating\CKRatingDialog.cpp">
      <Filter>Classes\ckbase\extentions\rating</Filter>
    </ClCompile>
    <ClCompile Include="..\Classes\ckbase\extentions\messagebox\CKAndroidMessageBox.cpp">
      <Filter>Classes\ckbase\extentions\messagebox</Filter>
    </ClCompile>
    <ClCompile Include="..\Classes\ckbase\extentions\messagebox\CKDefaultMessageBox.cpp">
      <Filter>Classes\ckbase\extentions\messagebox</Filter>
    </ClCompile>
    <ClCompile Include="..\Classes\ckbase\extentions\messagebox\CKMessageBox.cpp">
      <Filter>Classes\ckbase\extentions\messagebox</Filter>
    </ClCompile>
    <ClCompile Include="..\Classes\ckbase\wrapper\CKWrapper.cpp">
      <Filter>Classes\ckbase\wrapper</Filter>
    </ClCompile>
    <ClCompile Include="..\Classes\ckbase\wrapper\CKDate.cpp">
      <Filter>Classes\ckbase\wrapper</Filter>
    </ClCompile>
    <ClCompile Include="..\Classes\GUIScene.cpp">
      <Filter>Classes</Filter>
    </ClCompile>
    <ClCompile Include="..\Classes\game\colorgame\CKColorGameLayer.cpp">
      <Filter>Classes\game\colorgame</Filter>
    </ClCompile>
    <ClCompile Include="..\Classes\game\colorgame\CKColorGameManager.cpp">
      <Filter>Classes\game\colorgame</Filter>
    </ClCompile>
    <ClCompile Include="..\Classes\game\colorgame\CKColorGameScene.cpp">
      <Filter>Classes\game\colorgame</Filter>
    </ClCompile>
    <ClCompile Include="..\Classes\game\drawgame\CKSequenceLayer.cpp">
      <Filter>Classes\game\drawgame</Filter>
    </ClCompile>
    <ClCompile Include="..\Classes\game\drawgame\DrawScene.cpp">
      <Filter>Classes\game\drawgame</Filter>
    </ClCompile>
    <ClCompile Include="..\Classes\game\colorgame\CKColorItem.cpp">
      <Filter>Classes\game\colorgame</Filter>
    </ClCompile>
  </ItemGroup>
  <ItemGroup>
    <ClInclude Include="main.h">
      <Filter>win32</Filter>
    </ClInclude>
    <ClInclude Include="..\Classes\AppDelegate.h">
      <Filter>Classes</Filter>
    </ClInclude>
    <ClInclude Include="..\Classes\HelloWorldScene.h">
      <Filter>Classes</Filter>
    </ClInclude>
    <ClInclude Include="..\Classes\ckbase\CKCommon.h">
      <Filter>Classes\ckbase</Filter>
    </ClInclude>
    <ClInclude Include="..\Classes\ckbase\CKModel.h">
      <Filter>Classes\ckbase</Filter>
    </ClInclude>
    <ClInclude Include="..\Classes\ckbase\CKProtocols.h">
      <Filter>Classes\ckbase</Filter>
    </ClInclude>
    <ClInclude Include="..\Classes\ckbase\CKScene.h">
      <Filter>Classes\ckbase</Filter>
    </ClInclude>
    <ClInclude Include="..\Classes\ckbase\CKGameDataManager.h">
      <Filter>Classes\ckbase</Filter>
    </ClInclude>
    <ClInclude Include="..\Classes\ckbase\CKConstants.h">
      <Filter>Classes\ckbase</Filter>
    </ClInclude>
    <ClInclude Include="..\Classes\ckbase\extentions\pay\CKDefaultPayEngine.h">
      <Filter>Classes\ckbase\extentions\pay</Filter>
    </ClInclude>
    <ClInclude Include="..\Classes\ckbase\extentions\pay\CKPayEngine.h">
      <Filter>Classes\ckbase\extentions\pay</Filter>
    </ClInclude>
    <ClInclude Include="..\Classes\ckbase\extentions\pay\CKAndroidPayEngine.h">
      <Filter>Classes\ckbase\extentions\pay</Filter>
    </ClInclude>
    <ClInclude Include="..\Classes\ckbase\CKDialog.h">
      <Filter>Classes\ckbase</Filter>
    </ClInclude>
    <ClInclude Include="..\Classes\ckbase\extentions\trigger\acts.h">
      <Filter>Classes\ckbase\extentions\trigger</Filter>
    </ClInclude>
    <ClInclude Include="..\Classes\ckbase\extentions\trigger\cons.h">
      <Filter>Classes\ckbase\extentions\trigger</Filter>
    </ClInclude>
    <ClInclude Include="..\Classes\ckbase\extentions\trigger\EventDef.h">
      <Filter>Classes\ckbase\extentions\trigger</Filter>
    </ClInclude>
    <ClInclude Include="..\Classes\FightScene.h">
      <Filter>Classes</Filter>
    </ClInclude>
    <ClInclude Include="..\Classes\ckbase\device\CKDefaultDeviceEngine.h">
      <Filter>Classes\ckbase\device</Filter>
    </ClInclude>
    <ClInclude Include="..\Classes\ckbase\device\CKDeviceEngine.h">
      <Filter>Classes\ckbase\device</Filter>
    </ClInclude>
    <ClInclude Include="..\Classes\ckbase\device\CKAndroidDeviceEngine.h">
      <Filter>Classes\ckbase\device</Filter>
    </ClInclude>
    <ClInclude Include="..\Classes\ckbase\network\CKHttpUtils.h">
      <Filter>Classes\ckbase\network</Filter>
    </ClInclude>
    <ClInclude Include="..\Classes\ckbase\CKGameManager.h">
      <Filter>Classes\ckbase</Filter>
    </ClInclude>
    <ClInclude Include="..\Classes\ckbase\extentions\notification\CKAndroidNotificationEngine.h">
      <Filter>Classes\ckbase\extentions\notification</Filter>
    </ClInclude>
    <ClInclude Include="..\Classes\ckbase\extentions\notification\CKDefaultNotificationEngine.h">
      <Filter>Classes\ckbase\extentions\notification</Filter>
    </ClInclude>
    <ClInclude Include="..\Classes\ckbase\extentions\notification\CKNotificationEngine.h">
      <Filter>Classes\ckbase\extentions\notification</Filter>
    </ClInclude>
    <ClInclude Include="..\Classes\ckbase\wrapper\CKWrapper.h">
      <Filter>Classes\ckbase\wrapper</Filter>
    </ClInclude>
    <ClInclude Include="..\Classes\ckbase\network\URLData.h">
      <Filter>Classes\ckbase\network</Filter>
    </ClInclude>
    <ClInclude Include="..\Classes\ckbase\network\URLManager.h">
      <Filter>Classes\ckbase\network</Filter>
    </ClInclude>
    <ClInclude Include="..\Classes\AppMacros.h">
      <Filter>Classes</Filter>
    </ClInclude>
    <ClInclude Include="..\Classes\ckbase\extentions\ckjson\CKJsonHelper.h">
      <Filter>Classes\ckbase\extentions\ckjson</Filter>
    </ClInclude>
    <ClInclude Include="..\Classes\ckbase\extentions\ckjson\CKJsonModel.h">
      <Filter>Classes\ckbase\extentions\ckjson</Filter>
    </ClInclude>
    <ClInclude Include="..\Classes\ckbase\network\CKHttpModel.h">
      <Filter>Classes\ckbase\network</Filter>
    </ClInclude>
    <ClInclude Include="..\Classes\ckbase\wrapper\RSA_CryptionHandler.h">
      <Filter>Classes\ckbase\wrapper</Filter>
    </ClInclude>
    <ClInclude Include="..\Classes\ckbase\extentions\rating\CKAndroidRatingEngine.h">
      <Filter>Classes\ckbase\extentions\rating</Filter>
    </ClInclude>
    <ClInclude Include="..\Classes\ckbase\extentions\rating\CKDefaultRatingEngine.h">
      <Filter>Classes\ckbase\extentions\rating</Filter>
    </ClInclude>
    <ClInclude Include="..\Classes\ckbase\extentions\rating\CKRatingEngine.h">
      <Filter>Classes\ckbase\extentions\rating</Filter>
    </ClInclude>
    <ClInclude Include="..\Classes\ckbase\extentions\rating\CKRatingDialog.h">
      <Filter>Classes\ckbase\extentions\rating</Filter>
    </ClInclude>
    <ClInclude Include="..\Classes\ckbase\extentions\messagebox\CKAndroidMessageBox.h">
      <Filter>Classes\ckbase\extentions\messagebox</Filter>
    </ClInclude>
    <ClInclude Include="..\Classes\ckbase\extentions\messagebox\CKDefaultMessageBox.h">
      <Filter>Classes\ckbase\extentions\messagebox</Filter>
    </ClInclude>
    <ClInclude Include="..\Classes\ckbase\extentions\messagebox\CKMessageBox.h">
      <Filter>Classes\ckbase\extentions\messagebox</Filter>
    </ClInclude>
    <ClInclude Include="..\Classes\ckbase\wrapper\CKDate.h">
      <Filter>Classes\ckbase\wrapper</Filter>
    </ClInclude>
    <ClInclude Include="..\Classes\GUIScene.h">
      <Filter>Classes</Filter>
    </ClInclude>
    <ClInclude Include="..\Classes\game\colorgame\CKColorGameLayer.h">
      <Filter>Classes\game\colorgame</Filter>
    </ClInclude>
    <ClInclude Include="..\Classes\game\colorgame\CKColorGameManager.h">
      <Filter>Classes\game\colorgame</Filter>
    </ClInclude>
    <ClInclude Include="..\Classes\game\colorgame\CKColorGameScene.h">
      <Filter>Classes\game\colorgame</Filter>
    </ClInclude>
    <ClInclude Include="..\Classes\game\drawgame\CKSequenceLayer.h">
      <Filter>Classes\game\drawgame</Filter>
    </ClInclude>
    <ClInclude Include="..\Classes\game\drawgame\DrawScene.h">
      <Filter>Classes\game\drawgame</Filter>
    </ClInclude>
    <ClInclude Include="..\Classes\game\colorgame\CKColorItem.h">
      <Filter>Classes\game\colorgame</Filter>
    </ClInclude>
  </ItemGroup>
  <ItemGroup>
    <ResourceCompile Include="game.rc">
      <Filter>resource</Filter>
    </ResourceCompile>
  </ItemGroup>
</Project>