// !$*UTF8*$!
{
	archiveVersion = 1;
	classes = {
	};
	objectVersion = 46;
	objects = {

/* Begin PBXBuildFile section */
		1AC6FB1F180E996B004C840B /* libbox2d Mac.a in Frameworks */ = {isa = PBXBuildFile; fileRef = 1AC6FAFF180E9839004C840B /* libbox2d Mac.a */; };
		1AC6FB20180E996B004C840B /* libchipmunk Mac.a in Frameworks */ = {isa = PBXBuildFile; fileRef = 1AC6FAFD180E9839004C840B /* libchipmunk Mac.a */; };
		1AC6FB21180E996B004C840B /* libcocos2dx Mac.a in Frameworks */ = {isa = PBXBuildFile; fileRef = 1AC6FAF9180E9839004C840B /* libcocos2dx Mac.a */; };
		1AC6FB22180E996B004C840B /* libcocos2dx-extensions Mac.a in Frameworks */ = {isa = PBXBuildFile; fileRef = 1AC6FAFB180E9839004C840B /* libcocos2dx-extensions Mac.a */; };
		1AC6FB23180E996B004C840B /* libCocosDenshion Mac.a in Frameworks */ = {isa = PBXBuildFile; fileRef = 1AC6FB01180E9839004C840B /* libCocosDenshion Mac.a */; };
		1AC6FB2E180E99EB004C840B /* libbox2d iOS.a in Frameworks */ = {isa = PBXBuildFile; fileRef = 1AC6FB0D180E9839004C840B /* libbox2d iOS.a */; };
		1AC6FB2F180E99EB004C840B /* libchipmunk iOS.a in Frameworks */ = {isa = PBXBuildFile; fileRef = 1AC6FB0B180E9839004C840B /* libchipmunk iOS.a */; };
		1AC6FB30180E99EB004C840B /* libcocos2dx iOS.a in Frameworks */ = {isa = PBXBuildFile; fileRef = 1AC6FB07180E9839004C840B /* libcocos2dx iOS.a */; };
		1AC6FB31180E99EB004C840B /* libcocos2dx-extensions iOS.a in Frameworks */ = {isa = PBXBuildFile; fileRef = 1AC6FB09180E9839004C840B /* libcocos2dx-extensions iOS.a */; };
		1AC6FB32180E99EB004C840B /* libCocosDenshion iOS.a in Frameworks */ = {isa = PBXBuildFile; fileRef = 1AC6FB0F180E9839004C840B /* libCocosDenshion iOS.a */; };
		1D60589F0D05DD5A006BFB54 /* Foundation.framework in Frameworks */ = {isa = PBXBuildFile; fileRef = 1D30AB110D05D00D00671497 /* Foundation.framework */; };
		1DF5F4E00D08C38300B7A737 /* UIKit.framework in Frameworks */ = {isa = PBXBuildFile; fileRef = 1DF5F4DF0D08C38300B7A737 /* UIKit.framework */; };
		288765A50DF7441C002DB57D /* CoreGraphics.framework in Frameworks */ = {isa = PBXBuildFile; fileRef = 288765A40DF7441C002DB57D /* CoreGraphics.framework */; };
		503AE0F817EB97AB00D1A890 /* Icon.icns in Resources */ = {isa = PBXBuildFile; fileRef = 503AE0F617EB97AB00D1A890 /* Icon.icns */; };
		503AE10017EB989F00D1A890 /* AppController.mm in Sources */ = {isa = PBXBuildFile; fileRef = 503AE0FB17EB989F00D1A890 /* AppController.mm */; };
		503AE10117EB989F00D1A890 /* main.m in Sources */ = {isa = PBXBuildFile; fileRef = 503AE0FC17EB989F00D1A890 /* main.m */; };
		503AE10217EB989F00D1A890 /* RootViewController.mm in Sources */ = {isa = PBXBuildFile; fileRef = 503AE0FF17EB989F00D1A890 /* RootViewController.mm */; };
		503AE10517EB98FF00D1A890 /* main.cpp in Sources */ = {isa = PBXBuildFile; fileRef = 503AE10317EB98FF00D1A890 /* main.cpp */; };
		503AE11217EB99EE00D1A890 /* libcurl.dylib in Frameworks */ = {isa = PBXBuildFile; fileRef = 503AE11117EB99EE00D1A890 /* libcurl.dylib */; };
		503AE11B17EB9C5A00D1A890 /* IOKit.framework in Frameworks */ = {isa = PBXBuildFile; fileRef = 503AE11A17EB9C5A00D1A890 /* IOKit.framework */; };
		5087E76317EB910900C73F5D /* Foundation.framework in Frameworks */ = {isa = PBXBuildFile; fileRef = 1D30AB110D05D00D00671497 /* Foundation.framework */; };
		5087E76517EB910900C73F5D /* CoreGraphics.framework in Frameworks */ = {isa = PBXBuildFile; fileRef = 288765A40DF7441C002DB57D /* CoreGraphics.framework */; };
		5087E76717EB910900C73F5D /* libz.dylib in Frameworks */ = {isa = PBXBuildFile; fileRef = BF170DB412928DE900B8313A /* libz.dylib */; };
		5087E76817EB910900C73F5D /* QuartzCore.framework in Frameworks */ = {isa = PBXBuildFile; fileRef = BF1C47EA1293683800B63C5D /* QuartzCore.framework */; };
		5087E76917EB910900C73F5D /* OpenAL.framework in Frameworks */ = {isa = PBXBuildFile; fileRef = D44C620B132DFF330009C878 /* OpenAL.framework */; };
		5087E76A17EB910900C73F5D /* AVFoundation.framework in Frameworks */ = {isa = PBXBuildFile; fileRef = D44C620D132DFF430009C878 /* AVFoundation.framework */; };
		5087E76B17EB910900C73F5D /* AudioToolbox.framework in Frameworks */ = {isa = PBXBuildFile; fileRef = D44C620F132DFF4E0009C878 /* AudioToolbox.framework */; };
		5087E77D17EB970100C73F5D /* Default-568h@2x.png in Resources */ = {isa = PBXBuildFile; fileRef = 5087E77217EB970100C73F5D /* Default-568h@2x.png */; };
		5087E77E17EB970100C73F5D /* Default.png in Resources */ = {isa = PBXBuildFile; fileRef = 5087E77317EB970100C73F5D /* Default.png */; };
		5087E77F17EB970100C73F5D /* Default@2x.png in Resources */ = {isa = PBXBuildFile; fileRef = 5087E77417EB970100C73F5D /* Default@2x.png */; };
		5087E78017EB970100C73F5D /* Icon-114.png in Resources */ = {isa = PBXBuildFile; fileRef = 5087E77517EB970100C73F5D /* Icon-114.png */; };
		5087E78117EB970100C73F5D /* Icon-120.png in Resources */ = {isa = PBXBuildFile; fileRef = 5087E77617EB970100C73F5D /* Icon-120.png */; };
		5087E78217EB970100C73F5D /* Icon-144.png in Resources */ = {isa = PBXBuildFile; fileRef = 5087E77717EB970100C73F5D /* Icon-144.png */; };
		5087E78317EB970100C73F5D /* Icon-152.png in Resources */ = {isa = PBXBuildFile; fileRef = 5087E77817EB970100C73F5D /* Icon-152.png */; };
		5087E78417EB970100C73F5D /* Icon-57.png in Resources */ = {isa = PBXBuildFile; fileRef = 5087E77917EB970100C73F5D /* Icon-57.png */; };
		5087E78517EB970100C73F5D /* Icon-72.png in Resources */ = {isa = PBXBuildFile; fileRef = 5087E77A17EB970100C73F5D /* Icon-72.png */; };
		5087E78617EB970100C73F5D /* Icon-76.png in Resources */ = {isa = PBXBuildFile; fileRef = 5087E77B17EB970100C73F5D /* Icon-76.png */; };
		5087E78917EB974C00C73F5D /* AppKit.framework in Frameworks */ = {isa = PBXBuildFile; fileRef = 5087E78817EB974C00C73F5D /* AppKit.framework */; };
		5087E78B17EB975400C73F5D /* OpenGL.framework in Frameworks */ = {isa = PBXBuildFile; fileRef = 5087E78A17EB975400C73F5D /* OpenGL.framework */; };
		50EF629617ECD46A001EB2F8 /* Icon-40.png in Resources */ = {isa = PBXBuildFile; fileRef = 50EF629217ECD46A001EB2F8 /* Icon-40.png */; };
		50EF629717ECD46A001EB2F8 /* Icon-58.png in Resources */ = {isa = PBXBuildFile; fileRef = 50EF629317ECD46A001EB2F8 /* Icon-58.png */; };
		50EF629817ECD46A001EB2F8 /* Icon-80.png in Resources */ = {isa = PBXBuildFile; fileRef = 50EF629417ECD46A001EB2F8 /* Icon-80.png */; };
		50EF629917ECD46A001EB2F8 /* Icon-100.png in Resources */ = {isa = PBXBuildFile; fileRef = 50EF629517ECD46A001EB2F8 /* Icon-100.png */; };
		50EF62A217ECD613001EB2F8 /* Icon-29.png in Resources */ = {isa = PBXBuildFile; fileRef = 50EF62A017ECD613001EB2F8 /* Icon-29.png */; };
		50EF62A317ECD613001EB2F8 /* Icon-50.png in Resources */ = {isa = PBXBuildFile; fileRef = 50EF62A117ECD613001EB2F8 /* Icon-50.png */; };
		793085E1199E665E0098E3B0 /* AppDelegate.cpp in Sources */ = {isa = PBXBuildFile; fileRef = 79308568199E665D0098E3B0 /* AppDelegate.cpp */; };
		793085E2199E665E0098E3B0 /* CKCommon.cpp in Sources */ = {isa = PBXBuildFile; fileRef = 7930856C199E665D0098E3B0 /* CKCommon.cpp */; };
		793085E3199E665E0098E3B0 /* CKConstants.cpp in Sources */ = {isa = PBXBuildFile; fileRef = 7930856E199E665D0098E3B0 /* CKConstants.cpp */; };
		793085E4199E665E0098E3B0 /* CKDialog.cpp in Sources */ = {isa = PBXBuildFile; fileRef = 79308570199E665D0098E3B0 /* CKDialog.cpp */; };
		793085E5199E665E0098E3B0 /* CKGameDataManager.cpp in Sources */ = {isa = PBXBuildFile; fileRef = 79308572199E665D0098E3B0 /* CKGameDataManager.cpp */; };
		793085E6199E665E0098E3B0 /* CKGameManager.cpp in Sources */ = {isa = PBXBuildFile; fileRef = 79308574199E665D0098E3B0 /* CKGameManager.cpp */; };
		793085E7199E665E0098E3B0 /* CKModel.cpp in Sources */ = {isa = PBXBuildFile; fileRef = 79308576199E665D0098E3B0 /* CKModel.cpp */; };
		793085E8199E665E0098E3B0 /* CKProtocols.cpp in Sources */ = {isa = PBXBuildFile; fileRef = 79308578199E665D0098E3B0 /* CKProtocols.cpp */; };
		793085E9199E665E0098E3B0 /* CKScene.cpp in Sources */ = {isa = PBXBuildFile; fileRef = 7930857A199E665D0098E3B0 /* CKScene.cpp */; };
		793085EB199E665E0098E3B0 /* CKDefaultDeviceEngine.cpp in Sources */ = {isa = PBXBuildFile; fileRef = 7930857F199E665D0098E3B0 /* CKDefaultDeviceEngine.cpp */; };
		793085EC199E665E0098E3B0 /* CKDeviceEngine.cpp in Sources */ = {isa = PBXBuildFile; fileRef = 79308581199E665D0098E3B0 /* CKDeviceEngine.cpp */; };
		793085ED199E665E0098E3B0 /* CKIOSDeviceEngine.mm in Sources */ = {isa = PBXBuildFile; fileRef = 79308584199E665D0098E3B0 /* CKIOSDeviceEngine.mm */; };
		793085EE199E665E0098E3B0 /* CKJsonHelper.cpp in Sources */ = {isa = PBXBuildFile; fileRef = 79308587199E665D0098E3B0 /* CKJsonHelper.cpp */; };
		793085EF199E665E0098E3B0 /* CKJsonModel.cpp in Sources */ = {isa = PBXBuildFile; fileRef = 79308589199E665D0098E3B0 /* CKJsonModel.cpp */; };
		793085F1199E665E0098E3B0 /* CKDefaultMessageBox.cpp in Sources */ = {isa = PBXBuildFile; fileRef = 7930858E199E665D0098E3B0 /* CKDefaultMessageBox.cpp */; };
		793085F2199E665E0098E3B0 /* CKIOSMessageBox.mm in Sources */ = {isa = PBXBuildFile; fileRef = 79308591199E665D0098E3B0 /* CKIOSMessageBox.mm */; };
		793085F3199E665E0098E3B0 /* CKMessageBox.cpp in Sources */ = {isa = PBXBuildFile; fileRef = 79308592199E665D0098E3B0 /* CKMessageBox.cpp */; };
		793085F5199E665E0098E3B0 /* CKDefaultNotificationEngine.cpp in Sources */ = {isa = PBXBuildFile; fileRef = 79308597199E665D0098E3B0 /* CKDefaultNotificationEngine.cpp */; };
		793085F6199E665E0098E3B0 /* CKIOSNotificationEngine.mm in Sources */ = {isa = PBXBuildFile; fileRef = 7930859A199E665D0098E3B0 /* CKIOSNotificationEngine.mm */; };
		793085F7199E665E0098E3B0 /* CKNotificationEngine.cpp in Sources */ = {isa = PBXBuildFile; fileRef = 7930859B199E665D0098E3B0 /* CKNotificationEngine.cpp */; };
		793085F9199E665E0098E3B0 /* CKDefaultPayEngine.cpp in Sources */ = {isa = PBXBuildFile; fileRef = 793085A0199E665D0098E3B0 /* CKDefaultPayEngine.cpp */; };
		793085FA199E665E0098E3B0 /* CKIOSPayEngine.mm in Sources */ = {isa = PBXBuildFile; fileRef = 793085A3199E665D0098E3B0 /* CKIOSPayEngine.mm */; };
		793085FB199E665E0098E3B0 /* CKPayEngine.cpp in Sources */ = {isa = PBXBuildFile; fileRef = 793085A4199E665D0098E3B0 /* CKPayEngine.cpp */; };
		793085FD199E665E0098E3B0 /* CKDefaultRatingEngine.cpp in Sources */ = {isa = PBXBuildFile; fileRef = 793085A9199E665D0098E3B0 /* CKDefaultRatingEngine.cpp */; };
		793085FE199E665E0098E3B0 /* CKIOSRatingEngine.mm in Sources */ = {isa = PBXBuildFile; fileRef = 793085AC199E665D0098E3B0 /* CKIOSRatingEngine.mm */; };
		793085FF199E665E0098E3B0 /* CKRatingDialog.cpp in Sources */ = {isa = PBXBuildFile; fileRef = 793085AD199E665D0098E3B0 /* CKRatingDialog.cpp */; };
		79308600199E665E0098E3B0 /* CKRatingEngine.cpp in Sources */ = {isa = PBXBuildFile; fileRef = 793085AF199E665D0098E3B0 /* CKRatingEngine.cpp */; };
		79308601199E665E0098E3B0 /* acts.cpp in Sources */ = {isa = PBXBuildFile; fileRef = 793085B2199E665D0098E3B0 /* acts.cpp */; };
		79308602199E665E0098E3B0 /* cons.cpp in Sources */ = {isa = PBXBuildFile; fileRef = 793085B4199E665D0098E3B0 /* cons.cpp */; };
		79308603199E665E0098E3B0 /* CKHttpModel.cpp in Sources */ = {isa = PBXBuildFile; fileRef = 793085B8199E665D0098E3B0 /* CKHttpModel.cpp */; };
		79308604199E665E0098E3B0 /* CKHttpUtils.cpp in Sources */ = {isa = PBXBuildFile; fileRef = 793085BA199E665D0098E3B0 /* CKHttpUtils.cpp */; };
		79308605199E665E0098E3B0 /* URLData.cpp in Sources */ = {isa = PBXBuildFile; fileRef = 793085BC199E665D0098E3B0 /* URLData.cpp */; };
		79308606199E665E0098E3B0 /* URLManager.cpp in Sources */ = {isa = PBXBuildFile; fileRef = 793085BE199E665D0098E3B0 /* URLManager.cpp */; };
		79308608199E665E0098E3B0 /* CKDate.cpp in Sources */ = {isa = PBXBuildFile; fileRef = 793085C2199E665D0098E3B0 /* CKDate.cpp */; };
		79308609199E665E0098E3B0 /* CKDefaultWrapper.cpp in Sources */ = {isa = PBXBuildFile; fileRef = 793085C4199E665D0098E3B0 /* CKDefaultWrapper.cpp */; };
		7930860A199E665E0098E3B0 /* CKIOSWrapper.mm in Sources */ = {isa = PBXBuildFile; fileRef = 793085C5199E665D0098E3B0 /* CKIOSWrapper.mm */; };
		7930860B199E665E0098E3B0 /* CKWrapper.cpp in Sources */ = {isa = PBXBuildFile; fileRef = 793085C6199E665D0098E3B0 /* CKWrapper.cpp */; };
		7930860C199E665E0098E3B0 /* FightScene.cpp in Sources */ = {isa = PBXBuildFile; fileRef = 793085C8199E665D0098E3B0 /* FightScene.cpp */; };
		7930860D199E665E0098E3B0 /* CKColorGameLayer.cpp in Sources */ = {isa = PBXBuildFile; fileRef = 793085CC199E665D0098E3B0 /* CKColorGameLayer.cpp */; };
		7930860E199E665E0098E3B0 /* CKColorGameManager.cpp in Sources */ = {isa = PBXBuildFile; fileRef = 793085CE199E665D0098E3B0 /* CKColorGameManager.cpp */; };
		7930860F199E665E0098E3B0 /* CKColorGameScene.cpp in Sources */ = {isa = PBXBuildFile; fileRef = 793085D0199E665D0098E3B0 /* CKColorGameScene.cpp */; };
		79308610199E665E0098E3B0 /* CKColorGameScoreManager.cpp in Sources */ = {isa = PBXBuildFile; fileRef = 793085D2199E665D0098E3B0 /* CKColorGameScoreManager.cpp */; };
		79308611199E665E0098E3B0 /* CKColorItem.cpp in Sources */ = {isa = PBXBuildFile; fileRef = 793085D4199E665D0098E3B0 /* CKColorItem.cpp */; };
		79308612199E665E0098E3B0 /* CKSequenceLayer.cpp in Sources */ = {isa = PBXBuildFile; fileRef = 793085D7199E665D0098E3B0 /* CKSequenceLayer.cpp */; };
		79308613199E665E0098E3B0 /* DrawScene.cpp in Sources */ = {isa = PBXBuildFile; fileRef = 793085D9199E665D0098E3B0 /* DrawScene.cpp */; };
		79308614199E665E0098E3B0 /* GUIScene.cpp in Sources */ = {isa = PBXBuildFile; fileRef = 793085DB199E665D0098E3B0 /* GUIScene.cpp */; };
		79308615199E665E0098E3B0 /* HelloWorldScene.cpp in Sources */ = {isa = PBXBuildFile; fileRef = 793085DD199E665E0098E3B0 /* HelloWorldScene.cpp */; };
		79308616199E665E0098E3B0 /* VisibleRect.cpp in Sources */ = {isa = PBXBuildFile; fileRef = 793085DF199E665E0098E3B0 /* VisibleRect.cpp */; };
		79360D2D199EEA9700B56772 /* ani in Resources */ = {isa = PBXBuildFile; fileRef = 79360D1E199EEA9700B56772 /* ani */; };
		79360D2E199EEA9700B56772 /* CloseNormal.png in Resources */ = {isa = PBXBuildFile; fileRef = 79360D1F199EEA9700B56772 /* CloseNormal.png */; };
		79360D2F199EEA9700B56772 /* CloseSelected.png in Resources */ = {isa = PBXBuildFile; fileRef = 79360D20199EEA9700B56772 /* CloseSelected.png */; };
		79360D30199EEA9700B56772 /* colorgame in Resources */ = {isa = PBXBuildFile; fileRef = 79360D21199EEA9700B56772 /* colorgame */; };
		79360D31199EEA9700B56772 /* DemoShop in Resources */ = {isa = PBXBuildFile; fileRef = 79360D22199EEA9700B56772 /* DemoShop */; };
		79360D32199EEA9700B56772 /* fonts in Resources */ = {isa = PBXBuildFile; fileRef = 79360D23199EEA9700B56772 /* fonts */; };
		79360D33199EEA9700B56772 /* HelloWorld.png in Resources */ = {isa = PBXBuildFile; fileRef = 79360D24199EEA9700B56772 /* HelloWorld.png */; };
		79360D34199EEA9700B56772 /* img in Resources */ = {isa = PBXBuildFile; fileRef = 79360D25199EEA9700B56772 /* img */; };
		79360D35199EEA9700B56772 /* item.png in Resources */ = {isa = PBXBuildFile; fileRef = 79360D26199EEA9700B56772 /* item.png */; };
		79360D36199EEA9700B56772 /* jsondata in Resources */ = {isa = PBXBuildFile; fileRef = 79360D27199EEA9700B56772 /* jsondata */; };
		79360D37199EEA9700B56772 /* loading.png in Resources */ = {isa = PBXBuildFile; fileRef = 79360D28199EEA9700B56772 /* loading.png */; };
		79360D38199EEA9700B56772 /* particle in Resources */ = {isa = PBXBuildFile; fileRef = 79360D29199EEA9700B56772 /* particle */; };
		79360D39199EEA9700B56772 /* publish in Resources */ = {isa = PBXBuildFile; fileRef = 79360D2A199EEA9700B56772 /* publish */; };
		79360D3A199EEA9700B56772 /* SampleChangeEquip in Resources */ = {isa = PBXBuildFile; fileRef = 79360D2B199EEA9700B56772 /* SampleChangeEquip */; };
		79360D3B199EEA9700B56772 /* ui in Resources */ = {isa = PBXBuildFile; fileRef = 79360D2C199EEA9700B56772 /* ui */; };
		79360D3E199F03AD00B56772 /* Test.cpp in Sources */ = {isa = PBXBuildFile; fileRef = 79360D3C199F03AD00B56772 /* Test.cpp */; };
		BF171245129291EC00B8313A /* OpenGLES.framework in Frameworks */ = {isa = PBXBuildFile; fileRef = BF170DB012928DE900B8313A /* OpenGLES.framework */; };
		BF1712471292920000B8313A /* libz.dylib in Frameworks */ = {isa = PBXBuildFile; fileRef = BF170DB412928DE900B8313A /* libz.dylib */; };
		BF1C47F01293687400B63C5D /* QuartzCore.framework in Frameworks */ = {isa = PBXBuildFile; fileRef = BF1C47EA1293683800B63C5D /* QuartzCore.framework */; };
		D44C620C132DFF330009C878 /* OpenAL.framework in Frameworks */ = {isa = PBXBuildFile; fileRef = D44C620B132DFF330009C878 /* OpenAL.framework */; };
		D44C620E132DFF430009C878 /* AVFoundation.framework in Frameworks */ = {isa = PBXBuildFile; fileRef = D44C620D132DFF430009C878 /* AVFoundation.framework */; };
		D44C6210132DFF4E0009C878 /* AudioToolbox.framework in Frameworks */ = {isa = PBXBuildFile; fileRef = D44C620F132DFF4E0009C878 /* AudioToolbox.framework */; };
		D6B0611B1803AB670077942B /* CoreMotion.framework in Frameworks */ = {isa = PBXBuildFile; fileRef = D6B0611A1803AB670077942B /* CoreMotion.framework */; };
/* End PBXBuildFile section */

/* Begin PBXContainerItemProxy section */
		1AC6FAF8180E9839004C840B /* PBXContainerItemProxy */ = {
			isa = PBXContainerItemProxy;
			containerPortal = 1AC6FAE5180E9839004C840B /* cocos2d_libs.xcodeproj */;
			proxyType = 2;
			remoteGlobalIDString = 1551A33F158F2AB200E66CFE;
			remoteInfo = "cocos2dx Mac";
		};
		1AC6FAFA180E9839004C840B /* PBXContainerItemProxy */ = {
			isa = PBXContainerItemProxy;
			containerPortal = 1AC6FAE5180E9839004C840B /* cocos2d_libs.xcodeproj */;
			proxyType = 2;
			remoteGlobalIDString = A03F2FD617814595006731B9;
			remoteInfo = "cocos2dx-extensions Mac";
		};
		1AC6FAFC180E9839004C840B /* PBXContainerItemProxy */ = {
			isa = PBXContainerItemProxy;
			containerPortal = 1AC6FAE5180E9839004C840B /* cocos2d_libs.xcodeproj */;
			proxyType = 2;
			remoteGlobalIDString = A03F2CB81780BD04006731B9;
			remoteInfo = "chipmunk Mac";
		};
		1AC6FAFE180E9839004C840B /* PBXContainerItemProxy */ = {
			isa = PBXContainerItemProxy;
			containerPortal = 1AC6FAE5180E9839004C840B /* cocos2d_libs.xcodeproj */;
			proxyType = 2;
			remoteGlobalIDString = A03F2D9B1780BDF7006731B9;
			remoteInfo = "box2d Mac";
		};
		1AC6FB00180E9839004C840B /* PBXContainerItemProxy */ = {
			isa = PBXContainerItemProxy;
			containerPortal = 1AC6FAE5180E9839004C840B /* cocos2d_libs.xcodeproj */;
			proxyType = 2;
			remoteGlobalIDString = A03F2ED617814268006731B9;
			remoteInfo = "CocosDenshion Mac";
		};
		1AC6FB06180E9839004C840B /* PBXContainerItemProxy */ = {
			isa = PBXContainerItemProxy;
			containerPortal = 1AC6FAE5180E9839004C840B /* cocos2d_libs.xcodeproj */;
			proxyType = 2;
			remoteGlobalIDString = A07A4D641783777C0073F6A7;
			remoteInfo = "cocos2dx iOS";
		};
		1AC6FB08180E9839004C840B /* PBXContainerItemProxy */ = {
			isa = PBXContainerItemProxy;
			containerPortal = 1AC6FAE5180E9839004C840B /* cocos2d_libs.xcodeproj */;
			proxyType = 2;
			remoteGlobalIDString = A07A4EFC1783867C0073F6A7;
			remoteInfo = "cocos2dx-extensions iOS";
		};
		1AC6FB0A180E9839004C840B /* PBXContainerItemProxy */ = {
			isa = PBXContainerItemProxy;
			containerPortal = 1AC6FAE5180E9839004C840B /* cocos2d_libs.xcodeproj */;
			proxyType = 2;
			remoteGlobalIDString = A07A4F3B178387670073F6A7;
			remoteInfo = "chipmunk iOS";
		};
		1AC6FB0C180E9839004C840B /* PBXContainerItemProxy */ = {
			isa = PBXContainerItemProxy;
			containerPortal = 1AC6FAE5180E9839004C840B /* cocos2d_libs.xcodeproj */;
			proxyType = 2;
			remoteGlobalIDString = A07A4F9E1783876B0073F6A7;
			remoteInfo = "box2d iOS";
		};
		1AC6FB0E180E9839004C840B /* PBXContainerItemProxy */ = {
			isa = PBXContainerItemProxy;
			containerPortal = 1AC6FAE5180E9839004C840B /* cocos2d_libs.xcodeproj */;
			proxyType = 2;
			remoteGlobalIDString = A07A4FB4178387730073F6A7;
			remoteInfo = "CocosDenshion iOS";
		};
		1AC6FB15180E9959004C840B /* PBXContainerItemProxy */ = {
			isa = PBXContainerItemProxy;
			containerPortal = 1AC6FAE5180E9839004C840B /* cocos2d_libs.xcodeproj */;
			proxyType = 1;
			remoteGlobalIDString = 1551A33E158F2AB200E66CFE;
			remoteInfo = "cocos2dx Mac";
		};
		1AC6FB17180E9959004C840B /* PBXContainerItemProxy */ = {
			isa = PBXContainerItemProxy;
			containerPortal = 1AC6FAE5180E9839004C840B /* cocos2d_libs.xcodeproj */;
			proxyType = 1;
			remoteGlobalIDString = A03F2FC117814595006731B9;
			remoteInfo = "cocos2dx-extensions Mac";
		};
		1AC6FB19180E9959004C840B /* PBXContainerItemProxy */ = {
			isa = PBXContainerItemProxy;
			containerPortal = 1AC6FAE5180E9839004C840B /* cocos2d_libs.xcodeproj */;
			proxyType = 1;
			remoteGlobalIDString = A03F2B781780BD04006731B9;
			remoteInfo = "chipmunk Mac";
		};
		1AC6FB1B180E9959004C840B /* PBXContainerItemProxy */ = {
			isa = PBXContainerItemProxy;
			containerPortal = 1AC6FAE5180E9839004C840B /* cocos2d_libs.xcodeproj */;
			proxyType = 1;
			remoteGlobalIDString = A03F2E9817814268006731B9;
			remoteInfo = "CocosDenshion Mac";
		};
		1AC6FB1D180E9963004C840B /* PBXContainerItemProxy */ = {
			isa = PBXContainerItemProxy;
			containerPortal = 1AC6FAE5180E9839004C840B /* cocos2d_libs.xcodeproj */;
			proxyType = 1;
			remoteGlobalIDString = A03F2D5D1780BDF7006731B9;
			remoteInfo = "box2d Mac";
		};
		1AC6FB24180E99E1004C840B /* PBXContainerItemProxy */ = {
			isa = PBXContainerItemProxy;
			containerPortal = 1AC6FAE5180E9839004C840B /* cocos2d_libs.xcodeproj */;
			proxyType = 1;
			remoteGlobalIDString = A07A4C241783777C0073F6A7;
			remoteInfo = "cocos2dx iOS";
		};
		1AC6FB26180E99E1004C840B /* PBXContainerItemProxy */ = {
			isa = PBXContainerItemProxy;
			containerPortal = 1AC6FAE5180E9839004C840B /* cocos2d_libs.xcodeproj */;
			proxyType = 1;
			remoteGlobalIDString = A07A4E111783867C0073F6A7;
			remoteInfo = "cocos2dx-extensions iOS";
		};
		1AC6FB28180E99E1004C840B /* PBXContainerItemProxy */ = {
			isa = PBXContainerItemProxy;
			containerPortal = 1AC6FAE5180E9839004C840B /* cocos2d_libs.xcodeproj */;
			proxyType = 1;
			remoteGlobalIDString = A07A4EFD178387670073F6A7;
			remoteInfo = "chipmunk iOS";
		};
		1AC6FB2A180E99E1004C840B /* PBXContainerItemProxy */ = {
			isa = PBXContainerItemProxy;
			containerPortal = 1AC6FAE5180E9839004C840B /* cocos2d_libs.xcodeproj */;
			proxyType = 1;
			remoteGlobalIDString = A07A4F3C1783876B0073F6A7;
			remoteInfo = "box2d iOS";
		};
		1AC6FB2C180E99E1004C840B /* PBXContainerItemProxy */ = {
			isa = PBXContainerItemProxy;
			containerPortal = 1AC6FAE5180E9839004C840B /* cocos2d_libs.xcodeproj */;
			proxyType = 1;
			remoteGlobalIDString = A07A4F9F178387730073F6A7;
			remoteInfo = "CocosDenshion iOS";
		};
/* End PBXContainerItemProxy section */

/* Begin PBXFileReference section */
		1AC6FAE5180E9839004C840B /* cocos2d_libs.xcodeproj */ = {isa = PBXFileReference; lastKnownFileType = "wrapper.pb-project"; name = cocos2d_libs.xcodeproj; path = ../cocos2d/build/cocos2d_libs.xcodeproj; sourceTree = "<group>"; };
		1ACB3243164770DE00914215 /* libcurl.a */ = {isa = PBXFileReference; lastKnownFileType = archive.ar; name = libcurl.a; path = ../../cocos2dx/platform/third_party/ios/libraries/libcurl.a; sourceTree = "<group>"; };
		1D30AB110D05D00D00671497 /* Foundation.framework */ = {isa = PBXFileReference; lastKnownFileType = wrapper.framework; name = Foundation.framework; path = System/Library/Frameworks/Foundation.framework; sourceTree = SDKROOT; };
		1D6058910D05DD3D006BFB54 /* HelloGame iOS.app */ = {isa = PBXFileReference; explicitFileType = wrapper.application; includeInIndex = 0; path = "HelloGame iOS.app"; sourceTree = BUILT_PRODUCTS_DIR; };
		1DF5F4DF0D08C38300B7A737 /* UIKit.framework */ = {isa = PBXFileReference; lastKnownFileType = wrapper.framework; name = UIKit.framework; path = System/Library/Frameworks/UIKit.framework; sourceTree = SDKROOT; };
		288765A40DF7441C002DB57D /* CoreGraphics.framework */ = {isa = PBXFileReference; lastKnownFileType = wrapper.framework; name = CoreGraphics.framework; path = System/Library/Frameworks/CoreGraphics.framework; sourceTree = SDKROOT; };
		503AE0F617EB97AB00D1A890 /* Icon.icns */ = {isa = PBXFileReference; lastKnownFileType = image.icns; path = Icon.icns; sourceTree = "<group>"; };
		503AE0F717EB97AB00D1A890 /* Info.plist */ = {isa = PBXFileReference; fileEncoding = 4; lastKnownFileType = text.plist.xml; path = Info.plist; sourceTree = "<group>"; };
		503AE0FA17EB989F00D1A890 /* AppController.h */ = {isa = PBXFileReference; fileEncoding = 4; lastKnownFileType = sourcecode.c.h; name = AppController.h; path = ios/AppController.h; sourceTree = SOURCE_ROOT; };
		503AE0FB17EB989F00D1A890 /* AppController.mm */ = {isa = PBXFileReference; fileEncoding = 4; lastKnownFileType = sourcecode.cpp.objcpp; name = AppController.mm; path = ios/AppController.mm; sourceTree = SOURCE_ROOT; };
		503AE0FC17EB989F00D1A890 /* main.m */ = {isa = PBXFileReference; fileEncoding = 4; lastKnownFileType = sourcecode.c.objc; name = main.m; path = ios/main.m; sourceTree = SOURCE_ROOT; };
		503AE0FD17EB989F00D1A890 /* Prefix.pch */ = {isa = PBXFileReference; fileEncoding = 4; lastKnownFileType = sourcecode.c.h; name = Prefix.pch; path = ios/Prefix.pch; sourceTree = SOURCE_ROOT; };
		503AE0FE17EB989F00D1A890 /* RootViewController.h */ = {isa = PBXFileReference; fileEncoding = 4; lastKnownFileType = sourcecode.c.h; name = RootViewController.h; path = ios/RootViewController.h; sourceTree = SOURCE_ROOT; };
		503AE0FF17EB989F00D1A890 /* RootViewController.mm */ = {isa = PBXFileReference; fileEncoding = 4; lastKnownFileType = sourcecode.cpp.objcpp; name = RootViewController.mm; path = ios/RootViewController.mm; sourceTree = SOURCE_ROOT; };
		503AE10317EB98FF00D1A890 /* main.cpp */ = {isa = PBXFileReference; fileEncoding = 4; lastKnownFileType = sourcecode.cpp.cpp; name = main.cpp; path = mac/main.cpp; sourceTree = "<group>"; };
		503AE10417EB98FF00D1A890 /* Prefix.pch */ = {isa = PBXFileReference; fileEncoding = 4; lastKnownFileType = sourcecode.c.h; name = Prefix.pch; path = mac/Prefix.pch; sourceTree = "<group>"; };
		503AE11117EB99EE00D1A890 /* libcurl.dylib */ = {isa = PBXFileReference; lastKnownFileType = "compiled.mach-o.dylib"; name = libcurl.dylib; path = usr/lib/libcurl.dylib; sourceTree = SDKROOT; };
		503AE11A17EB9C5A00D1A890 /* IOKit.framework */ = {isa = PBXFileReference; lastKnownFileType = wrapper.framework; name = IOKit.framework; path = System/Library/Frameworks/IOKit.framework; sourceTree = SDKROOT; };
		5087E76F17EB910900C73F5D /* HelloGame Mac.app */ = {isa = PBXFileReference; explicitFileType = wrapper.application; includeInIndex = 0; path = "HelloGame Mac.app"; sourceTree = BUILT_PRODUCTS_DIR; };
		5087E77217EB970100C73F5D /* Default-568h@2x.png */ = {isa = PBXFileReference; lastKnownFileType = image.png; path = "Default-568h@2x.png"; sourceTree = "<group>"; };
		5087E77317EB970100C73F5D /* Default.png */ = {isa = PBXFileReference; lastKnownFileType = image.png; path = Default.png; sourceTree = "<group>"; };
		5087E77417EB970100C73F5D /* Default@2x.png */ = {isa = PBXFileReference; lastKnownFileType = image.png; path = "Default@2x.png"; sourceTree = "<group>"; };
		5087E77517EB970100C73F5D /* Icon-114.png */ = {isa = PBXFileReference; lastKnownFileType = image.png; path = "Icon-114.png"; sourceTree = "<group>"; };
		5087E77617EB970100C73F5D /* Icon-120.png */ = {isa = PBXFileReference; lastKnownFileType = image.png; path = "Icon-120.png"; sourceTree = "<group>"; };
		5087E77717EB970100C73F5D /* Icon-144.png */ = {isa = PBXFileReference; lastKnownFileType = image.png; path = "Icon-144.png"; sourceTree = "<group>"; };
		5087E77817EB970100C73F5D /* Icon-152.png */ = {isa = PBXFileReference; lastKnownFileType = image.png; path = "Icon-152.png"; sourceTree = "<group>"; };
		5087E77917EB970100C73F5D /* Icon-57.png */ = {isa = PBXFileReference; lastKnownFileType = image.png; path = "Icon-57.png"; sourceTree = "<group>"; };
		5087E77A17EB970100C73F5D /* Icon-72.png */ = {isa = PBXFileReference; lastKnownFileType = image.png; path = "Icon-72.png"; sourceTree = "<group>"; };
		5087E77B17EB970100C73F5D /* Icon-76.png */ = {isa = PBXFileReference; lastKnownFileType = image.png; path = "Icon-76.png"; sourceTree = "<group>"; };
		5087E77C17EB970100C73F5D /* Info.plist */ = {isa = PBXFileReference; fileEncoding = 4; lastKnownFileType = text.plist.xml; path = Info.plist; sourceTree = "<group>"; };
		5087E78817EB974C00C73F5D /* AppKit.framework */ = {isa = PBXFileReference; lastKnownFileType = wrapper.framework; name = AppKit.framework; path = System/Library/Frameworks/AppKit.framework; sourceTree = SDKROOT; };
		5087E78A17EB975400C73F5D /* OpenGL.framework */ = {isa = PBXFileReference; lastKnownFileType = wrapper.framework; name = OpenGL.framework; path = System/Library/Frameworks/OpenGL.framework; sourceTree = SDKROOT; };
		50EF629217ECD46A001EB2F8 /* Icon-40.png */ = {isa = PBXFileReference; lastKnownFileType = image.png; path = "Icon-40.png"; sourceTree = "<group>"; };
		50EF629317ECD46A001EB2F8 /* Icon-58.png */ = {isa = PBXFileReference; lastKnownFileType = image.png; path = "Icon-58.png"; sourceTree = "<group>"; };
		50EF629417ECD46A001EB2F8 /* Icon-80.png */ = {isa = PBXFileReference; lastKnownFileType = image.png; path = "Icon-80.png"; sourceTree = "<group>"; };
		50EF629517ECD46A001EB2F8 /* Icon-100.png */ = {isa = PBXFileReference; lastKnownFileType = image.png; path = "Icon-100.png"; sourceTree = "<group>"; };
		50EF62A017ECD613001EB2F8 /* Icon-29.png */ = {isa = PBXFileReference; lastKnownFileType = image.png; path = "Icon-29.png"; sourceTree = "<group>"; };
		50EF62A117ECD613001EB2F8 /* Icon-50.png */ = {isa = PBXFileReference; lastKnownFileType = image.png; path = "Icon-50.png"; sourceTree = "<group>"; };
		79308568199E665D0098E3B0 /* AppDelegate.cpp */ = {isa = PBXFileReference; fileEncoding = 4; lastKnownFileType = sourcecode.cpp.cpp; name = AppDelegate.cpp; path = ../Classes/AppDelegate.cpp; sourceTree = "<group>"; };
		79308569199E665D0098E3B0 /* AppDelegate.h */ = {isa = PBXFileReference; fileEncoding = 4; lastKnownFileType = sourcecode.c.h; name = AppDelegate.h; path = ../Classes/AppDelegate.h; sourceTree = "<group>"; };
		7930856A199E665D0098E3B0 /* AppMacros.h */ = {isa = PBXFileReference; fileEncoding = 4; lastKnownFileType = sourcecode.c.h; name = AppMacros.h; path = ../Classes/AppMacros.h; sourceTree = "<group>"; };
		7930856C199E665D0098E3B0 /* CKCommon.cpp */ = {isa = PBXFileReference; fileEncoding = 4; lastKnownFileType = sourcecode.cpp.cpp; path = CKCommon.cpp; sourceTree = "<group>"; };
		7930856D199E665D0098E3B0 /* CKCommon.h */ = {isa = PBXFileReference; fileEncoding = 4; lastKnownFileType = sourcecode.c.h; path = CKCommon.h; sourceTree = "<group>"; };
		7930856E199E665D0098E3B0 /* CKConstants.cpp */ = {isa = PBXFileReference; fileEncoding = 4; lastKnownFileType = sourcecode.cpp.cpp; path = CKConstants.cpp; sourceTree = "<group>"; };
		7930856F199E665D0098E3B0 /* CKConstants.h */ = {isa = PBXFileReference; fileEncoding = 4; lastKnownFileType = sourcecode.c.h; path = CKConstants.h; sourceTree = "<group>"; };
		79308570199E665D0098E3B0 /* CKDialog.cpp */ = {isa = PBXFileReference; fileEncoding = 4; lastKnownFileType = sourcecode.cpp.cpp; path = CKDialog.cpp; sourceTree = "<group>"; };
		79308571199E665D0098E3B0 /* CKDialog.h */ = {isa = PBXFileReference; fileEncoding = 4; lastKnownFileType = sourcecode.c.h; path = CKDialog.h; sourceTree = "<group>"; };
		79308572199E665D0098E3B0 /* CKGameDataManager.cpp */ = {isa = PBXFileReference; fileEncoding = 4; lastKnownFileType = sourcecode.cpp.cpp; path = CKGameDataManager.cpp; sourceTree = "<group>"; };
		79308573199E665D0098E3B0 /* CKGameDataManager.h */ = {isa = PBXFileReference; fileEncoding = 4; lastKnownFileType = sourcecode.c.h; path = CKGameDataManager.h; sourceTree = "<group>"; };
		79308574199E665D0098E3B0 /* CKGameManager.cpp */ = {isa = PBXFileReference; fileEncoding = 4; lastKnownFileType = sourcecode.cpp.cpp; path = CKGameManager.cpp; sourceTree = "<group>"; };
		79308575199E665D0098E3B0 /* CKGameManager.h */ = {isa = PBXFileReference; fileEncoding = 4; lastKnownFileType = sourcecode.c.h; path = CKGameManager.h; sourceTree = "<group>"; };
		79308576199E665D0098E3B0 /* CKModel.cpp */ = {isa = PBXFileReference; fileEncoding = 4; lastKnownFileType = sourcecode.cpp.cpp; path = CKModel.cpp; sourceTree = "<group>"; };
		79308577199E665D0098E3B0 /* CKModel.h */ = {isa = PBXFileReference; fileEncoding = 4; lastKnownFileType = sourcecode.c.h; path = CKModel.h; sourceTree = "<group>"; };
		79308578199E665D0098E3B0 /* CKProtocols.cpp */ = {isa = PBXFileReference; fileEncoding = 4; lastKnownFileType = sourcecode.cpp.cpp; path = CKProtocols.cpp; sourceTree = "<group>"; };
		79308579199E665D0098E3B0 /* CKProtocols.h */ = {isa = PBXFileReference; fileEncoding = 4; lastKnownFileType = sourcecode.c.h; path = CKProtocols.h; sourceTree = "<group>"; };
		7930857A199E665D0098E3B0 /* CKScene.cpp */ = {isa = PBXFileReference; fileEncoding = 4; lastKnownFileType = sourcecode.cpp.cpp; path = CKScene.cpp; sourceTree = "<group>"; };
		7930857B199E665D0098E3B0 /* CKScene.h */ = {isa = PBXFileReference; fileEncoding = 4; lastKnownFileType = sourcecode.c.h; path = CKScene.h; sourceTree = "<group>"; };
		7930857F199E665D0098E3B0 /* CKDefaultDeviceEngine.cpp */ = {isa = PBXFileReference; fileEncoding = 4; lastKnownFileType = sourcecode.cpp.cpp; path = CKDefaultDeviceEngine.cpp; sourceTree = "<group>"; };
		79308580199E665D0098E3B0 /* CKDefaultDeviceEngine.h */ = {isa = PBXFileReference; fileEncoding = 4; lastKnownFileType = sourcecode.c.h; path = CKDefaultDeviceEngine.h; sourceTree = "<group>"; };
		79308581199E665D0098E3B0 /* CKDeviceEngine.cpp */ = {isa = PBXFileReference; fileEncoding = 4; lastKnownFileType = sourcecode.cpp.cpp; path = CKDeviceEngine.cpp; sourceTree = "<group>"; };
		79308582199E665D0098E3B0 /* CKDeviceEngine.h */ = {isa = PBXFileReference; fileEncoding = 4; lastKnownFileType = sourcecode.c.h; path = CKDeviceEngine.h; sourceTree = "<group>"; };
		79308583199E665D0098E3B0 /* CKIOSDeviceEngine.h */ = {isa = PBXFileReference; fileEncoding = 4; lastKnownFileType = sourcecode.c.h; path = CKIOSDeviceEngine.h; sourceTree = "<group>"; };
		79308584199E665D0098E3B0 /* CKIOSDeviceEngine.mm */ = {isa = PBXFileReference; fileEncoding = 4; lastKnownFileType = sourcecode.cpp.objcpp; path = CKIOSDeviceEngine.mm; sourceTree = "<group>"; };
		79308587199E665D0098E3B0 /* CKJsonHelper.cpp */ = {isa = PBXFileReference; fileEncoding = 4; lastKnownFileType = sourcecode.cpp.cpp; path = CKJsonHelper.cpp; sourceTree = "<group>"; };
		79308588199E665D0098E3B0 /* CKJsonHelper.h */ = {isa = PBXFileReference; fileEncoding = 4; lastKnownFileType = sourcecode.c.h; path = CKJsonHelper.h; sourceTree = "<group>"; };
		79308589199E665D0098E3B0 /* CKJsonModel.cpp */ = {isa = PBXFileReference; fileEncoding = 4; lastKnownFileType = sourcecode.cpp.cpp; path = CKJsonModel.cpp; sourceTree = "<group>"; };
		7930858A199E665D0098E3B0 /* CKJsonModel.h */ = {isa = PBXFileReference; fileEncoding = 4; lastKnownFileType = sourcecode.c.h; path = CKJsonModel.h; sourceTree = "<group>"; };
		7930858E199E665D0098E3B0 /* CKDefaultMessageBox.cpp */ = {isa = PBXFileReference; fileEncoding = 4; lastKnownFileType = sourcecode.cpp.cpp; path = CKDefaultMessageBox.cpp; sourceTree = "<group>"; };
		7930858F199E665D0098E3B0 /* CKDefaultMessageBox.h */ = {isa = PBXFileReference; fileEncoding = 4; lastKnownFileType = sourcecode.c.h; path = CKDefaultMessageBox.h; sourceTree = "<group>"; };
		79308590199E665D0098E3B0 /* CKIOSMessageBox.h */ = {isa = PBXFileReference; fileEncoding = 4; lastKnownFileType = sourcecode.c.h; path = CKIOSMessageBox.h; sourceTree = "<group>"; };
		79308591199E665D0098E3B0 /* CKIOSMessageBox.mm */ = {isa = PBXFileReference; fileEncoding = 4; lastKnownFileType = sourcecode.cpp.objcpp; path = CKIOSMessageBox.mm; sourceTree = "<group>"; };
		79308592199E665D0098E3B0 /* CKMessageBox.cpp */ = {isa = PBXFileReference; fileEncoding = 4; lastKnownFileType = sourcecode.cpp.cpp; path = CKMessageBox.cpp; sourceTree = "<group>"; };
		79308593199E665D0098E3B0 /* CKMessageBox.h */ = {isa = PBXFileReference; fileEncoding = 4; lastKnownFileType = sourcecode.c.h; path = CKMessageBox.h; sourceTree = "<group>"; };
		79308597199E665D0098E3B0 /* CKDefaultNotificationEngine.cpp */ = {isa = PBXFileReference; fileEncoding = 4; lastKnownFileType = sourcecode.cpp.cpp; path = CKDefaultNotificationEngine.cpp; sourceTree = "<group>"; };
		79308598199E665D0098E3B0 /* CKDefaultNotificationEngine.h */ = {isa = PBXFileReference; fileEncoding = 4; lastKnownFileType = sourcecode.c.h; path = CKDefaultNotificationEngine.h; sourceTree = "<group>"; };
		79308599199E665D0098E3B0 /* CKIOSNotificationEngine.h */ = {isa = PBXFileReference; fileEncoding = 4; lastKnownFileType = sourcecode.c.h; path = CKIOSNotificationEngine.h; sourceTree = "<group>"; };
		7930859A199E665D0098E3B0 /* CKIOSNotificationEngine.mm */ = {isa = PBXFileReference; fileEncoding = 4; lastKnownFileType = sourcecode.cpp.objcpp; path = CKIOSNotificationEngine.mm; sourceTree = "<group>"; };
		7930859B199E665D0098E3B0 /* CKNotificationEngine.cpp */ = {isa = PBXFileReference; fileEncoding = 4; lastKnownFileType = sourcecode.cpp.cpp; path = CKNotificationEngine.cpp; sourceTree = "<group>"; };
		7930859C199E665D0098E3B0 /* CKNotificationEngine.h */ = {isa = PBXFileReference; fileEncoding = 4; lastKnownFileType = sourcecode.c.h; path = CKNotificationEngine.h; sourceTree = "<group>"; };
		793085A0199E665D0098E3B0 /* CKDefaultPayEngine.cpp */ = {isa = PBXFileReference; fileEncoding = 4; lastKnownFileType = sourcecode.cpp.cpp; path = CKDefaultPayEngine.cpp; sourceTree = "<group>"; };
		793085A1199E665D0098E3B0 /* CKDefaultPayEngine.h */ = {isa = PBXFileReference; fileEncoding = 4; lastKnownFileType = sourcecode.c.h; path = CKDefaultPayEngine.h; sourceTree = "<group>"; };
		793085A2199E665D0098E3B0 /* CKIOSPayEngine.h */ = {isa = PBXFileReference; fileEncoding = 4; lastKnownFileType = sourcecode.c.h; path = CKIOSPayEngine.h; sourceTree = "<group>"; };
		793085A3199E665D0098E3B0 /* CKIOSPayEngine.mm */ = {isa = PBXFileReference; fileEncoding = 4; lastKnownFileType = sourcecode.cpp.objcpp; path = CKIOSPayEngine.mm; sourceTree = "<group>"; };
		793085A4199E665D0098E3B0 /* CKPayEngine.cpp */ = {isa = PBXFileReference; fileEncoding = 4; lastKnownFileType = sourcecode.cpp.cpp; path = CKPayEngine.cpp; sourceTree = "<group>"; };
		793085A5199E665D0098E3B0 /* CKPayEngine.h */ = {isa = PBXFileReference; fileEncoding = 4; lastKnownFileType = sourcecode.c.h; path = CKPayEngine.h; sourceTree = "<group>"; };
		793085A9199E665D0098E3B0 /* CKDefaultRatingEngine.cpp */ = {isa = PBXFileReference; fileEncoding = 4; lastKnownFileType = sourcecode.cpp.cpp; path = CKDefaultRatingEngine.cpp; sourceTree = "<group>"; };
		793085AA199E665D0098E3B0 /* CKDefaultRatingEngine.h */ = {isa = PBXFileReference; fileEncoding = 4; lastKnownFileType = sourcecode.c.h; path = CKDefaultRatingEngine.h; sourceTree = "<group>"; };
		793085AB199E665D0098E3B0 /* CKIOSRatingEngine.h */ = {isa = PBXFileReference; fileEncoding = 4; lastKnownFileType = sourcecode.c.h; path = CKIOSRatingEngine.h; sourceTree = "<group>"; };
		793085AC199E665D0098E3B0 /* CKIOSRatingEngine.mm */ = {isa = PBXFileReference; fileEncoding = 4; lastKnownFileType = sourcecode.cpp.objcpp; path = CKIOSRatingEngine.mm; sourceTree = "<group>"; };
		793085AD199E665D0098E3B0 /* CKRatingDialog.cpp */ = {isa = PBXFileReference; fileEncoding = 4; lastKnownFileType = sourcecode.cpp.cpp; path = CKRatingDialog.cpp; sourceTree = "<group>"; };
		793085AE199E665D0098E3B0 /* CKRatingDialog.h */ = {isa = PBXFileReference; fileEncoding = 4; lastKnownFileType = sourcecode.c.h; path = CKRatingDialog.h; sourceTree = "<group>"; };
		793085AF199E665D0098E3B0 /* CKRatingEngine.cpp */ = {isa = PBXFileReference; fileEncoding = 4; lastKnownFileType = sourcecode.cpp.cpp; path = CKRatingEngine.cpp; sourceTree = "<group>"; };
		793085B0199E665D0098E3B0 /* CKRatingEngine.h */ = {isa = PBXFileReference; fileEncoding = 4; lastKnownFileType = sourcecode.c.h; path = CKRatingEngine.h; sourceTree = "<group>"; };
		793085B2199E665D0098E3B0 /* acts.cpp */ = {isa = PBXFileReference; fileEncoding = 4; lastKnownFileType = sourcecode.cpp.cpp; path = acts.cpp; sourceTree = "<group>"; };
		793085B3199E665D0098E3B0 /* acts.h */ = {isa = PBXFileReference; fileEncoding = 4; lastKnownFileType = sourcecode.c.h; path = acts.h; sourceTree = "<group>"; };
		793085B4199E665D0098E3B0 /* cons.cpp */ = {isa = PBXFileReference; fileEncoding = 4; lastKnownFileType = sourcecode.cpp.cpp; path = cons.cpp; sourceTree = "<group>"; };
		793085B5199E665D0098E3B0 /* cons.h */ = {isa = PBXFileReference; fileEncoding = 4; lastKnownFileType = sourcecode.c.h; path = cons.h; sourceTree = "<group>"; };
		793085B6199E665D0098E3B0 /* EventDef.h */ = {isa = PBXFileReference; fileEncoding = 4; lastKnownFileType = sourcecode.c.h; path = EventDef.h; sourceTree = "<group>"; };
		793085B8199E665D0098E3B0 /* CKHttpModel.cpp */ = {isa = PBXFileReference; fileEncoding = 4; lastKnownFileType = sourcecode.cpp.cpp; path = CKHttpModel.cpp; sourceTree = "<group>"; };
		793085B9199E665D0098E3B0 /* CKHttpModel.h */ = {isa = PBXFileReference; fileEncoding = 4; lastKnownFileType = sourcecode.c.h; path = CKHttpModel.h; sourceTree = "<group>"; };
		793085BA199E665D0098E3B0 /* CKHttpUtils.cpp */ = {isa = PBXFileReference; fileEncoding = 4; lastKnownFileType = sourcecode.cpp.cpp; path = CKHttpUtils.cpp; sourceTree = "<group>"; };
		793085BB199E665D0098E3B0 /* CKHttpUtils.h */ = {isa = PBXFileReference; fileEncoding = 4; lastKnownFileType = sourcecode.c.h; path = CKHttpUtils.h; sourceTree = "<group>"; };
		793085BC199E665D0098E3B0 /* URLData.cpp */ = {isa = PBXFileReference; fileEncoding = 4; lastKnownFileType = sourcecode.cpp.cpp; path = URLData.cpp; sourceTree = "<group>"; };
		793085BD199E665D0098E3B0 /* URLData.h */ = {isa = PBXFileReference; fileEncoding = 4; lastKnownFileType = sourcecode.c.h; path = URLData.h; sourceTree = "<group>"; };
		793085BE199E665D0098E3B0 /* URLManager.cpp */ = {isa = PBXFileReference; fileEncoding = 4; lastKnownFileType = sourcecode.cpp.cpp; path = URLManager.cpp; sourceTree = "<group>"; };
		793085BF199E665D0098E3B0 /* URLManager.h */ = {isa = PBXFileReference; fileEncoding = 4; lastKnownFileType = sourcecode.c.h; path = URLManager.h; sourceTree = "<group>"; };
		793085C2199E665D0098E3B0 /* CKDate.cpp */ = {isa = PBXFileReference; fileEncoding = 4; lastKnownFileType = sourcecode.cpp.cpp; path = CKDate.cpp; sourceTree = "<group>"; };
		793085C3199E665D0098E3B0 /* CKDate.h */ = {isa = PBXFileReference; fileEncoding = 4; lastKnownFileType = sourcecode.c.h; path = CKDate.h; sourceTree = "<group>"; };
		793085C4199E665D0098E3B0 /* CKDefaultWrapper.cpp */ = {isa = PBXFileReference; fileEncoding = 4; lastKnownFileType = sourcecode.cpp.cpp; path = CKDefaultWrapper.cpp; sourceTree = "<group>"; };
		793085C5199E665D0098E3B0 /* CKIOSWrapper.mm */ = {isa = PBXFileReference; fileEncoding = 4; lastKnownFileType = sourcecode.cpp.objcpp; path = CKIOSWrapper.mm; sourceTree = "<group>"; };
		793085C6199E665D0098E3B0 /* CKWrapper.cpp */ = {isa = PBXFileReference; fileEncoding = 4; lastKnownFileType = sourcecode.cpp.cpp; path = CKWrapper.cpp; sourceTree = "<group>"; };
		793085C7199E665D0098E3B0 /* CKWrapper.h */ = {isa = PBXFileReference; fileEncoding = 4; lastKnownFileType = sourcecode.c.h; path = CKWrapper.h; sourceTree = "<group>"; };
		793085C8199E665D0098E3B0 /* FightScene.cpp */ = {isa = PBXFileReference; fileEncoding = 4; lastKnownFileType = sourcecode.cpp.cpp; name = FightScene.cpp; path = ../Classes/FightScene.cpp; sourceTree = "<group>"; };
		793085C9199E665D0098E3B0 /* FightScene.h */ = {isa = PBXFileReference; fileEncoding = 4; lastKnownFileType = sourcecode.c.h; name = FightScene.h; path = ../Classes/FightScene.h; sourceTree = "<group>"; };
		793085CC199E665D0098E3B0 /* CKColorGameLayer.cpp */ = {isa = PBXFileReference; fileEncoding = 4; lastKnownFileType = sourcecode.cpp.cpp; path = CKColorGameLayer.cpp; sourceTree = "<group>"; };
		793085CD199E665D0098E3B0 /* CKColorGameLayer.h */ = {isa = PBXFileReference; fileEncoding = 4; lastKnownFileType = sourcecode.c.h; path = CKColorGameLayer.h; sourceTree = "<group>"; };
		793085CE199E665D0098E3B0 /* CKColorGameManager.cpp */ = {isa = PBXFileReference; fileEncoding = 4; lastKnownFileType = sourcecode.cpp.cpp; path = CKColorGameManager.cpp; sourceTree = "<group>"; };
		793085CF199E665D0098E3B0 /* CKColorGameManager.h */ = {isa = PBXFileReference; fileEncoding = 4; lastKnownFileType = sourcecode.c.h; path = CKColorGameManager.h; sourceTree = "<group>"; };
		793085D0199E665D0098E3B0 /* CKColorGameScene.cpp */ = {isa = PBXFileReference; fileEncoding = 4; lastKnownFileType = sourcecode.cpp.cpp; path = CKColorGameScene.cpp; sourceTree = "<group>"; };
		793085D1199E665D0098E3B0 /* CKColorGameScene.h */ = {isa = PBXFileReference; fileEncoding = 4; lastKnownFileType = sourcecode.c.h; path = CKColorGameScene.h; sourceTree = "<group>"; };
		793085D2199E665D0098E3B0 /* CKColorGameScoreManager.cpp */ = {isa = PBXFileReference; fileEncoding = 4; lastKnownFileType = sourcecode.cpp.cpp; path = CKColorGameScoreManager.cpp; sourceTree = "<group>"; };
		793085D3199E665D0098E3B0 /* CKColorGameScoreManager.h */ = {isa = PBXFileReference; fileEncoding = 4; lastKnownFileType = sourcecode.c.h; path = CKColorGameScoreManager.h; sourceTree = "<group>"; };
		793085D4199E665D0098E3B0 /* CKColorItem.cpp */ = {isa = PBXFileReference; fileEncoding = 4; lastKnownFileType = sourcecode.cpp.cpp; path = CKColorItem.cpp; sourceTree = "<group>"; };
		793085D5199E665D0098E3B0 /* CKColorItem.h */ = {isa = PBXFileReference; fileEncoding = 4; lastKnownFileType = sourcecode.c.h; path = CKColorItem.h; sourceTree = "<group>"; };
		793085D7199E665D0098E3B0 /* CKSequenceLayer.cpp */ = {isa = PBXFileReference; fileEncoding = 4; lastKnownFileType = sourcecode.cpp.cpp; path = CKSequenceLayer.cpp; sourceTree = "<group>"; };
		793085D8199E665D0098E3B0 /* CKSequenceLayer.h */ = {isa = PBXFileReference; fileEncoding = 4; lastKnownFileType = sourcecode.c.h; path = CKSequenceLayer.h; sourceTree = "<group>"; };
		793085D9199E665D0098E3B0 /* DrawScene.cpp */ = {isa = PBXFileReference; fileEncoding = 4; lastKnownFileType = sourcecode.cpp.cpp; path = DrawScene.cpp; sourceTree = "<group>"; };
		793085DA199E665D0098E3B0 /* DrawScene.h */ = {isa = PBXFileReference; fileEncoding = 4; lastKnownFileType = sourcecode.c.h; path = DrawScene.h; sourceTree = "<group>"; };
		793085DB199E665D0098E3B0 /* GUIScene.cpp */ = {isa = PBXFileReference; fileEncoding = 4; lastKnownFileType = sourcecode.cpp.cpp; name = GUIScene.cpp; path = ../Classes/GUIScene.cpp; sourceTree = "<group>"; };
		793085DC199E665E0098E3B0 /* GUIScene.h */ = {isa = PBXFileReference; fileEncoding = 4; lastKnownFileType = sourcecode.c.h; name = GUIScene.h; path = ../Classes/GUIScene.h; sourceTree = "<group>"; };
		793085DD199E665E0098E3B0 /* HelloWorldScene.cpp */ = {isa = PBXFileReference; fileEncoding = 4; lastKnownFileType = sourcecode.cpp.cpp; name = HelloWorldScene.cpp; path = ../Classes/HelloWorldScene.cpp; sourceTree = "<group>"; };
		793085DE199E665E0098E3B0 /* HelloWorldScene.h */ = {isa = PBXFileReference; fileEncoding = 4; lastKnownFileType = sourcecode.c.h; name = HelloWorldScene.h; path = ../Classes/HelloWorldScene.h; sourceTree = "<group>"; };
		793085DF199E665E0098E3B0 /* VisibleRect.cpp */ = {isa = PBXFileReference; fileEncoding = 4; lastKnownFileType = sourcecode.cpp.cpp; name = VisibleRect.cpp; path = ../Classes/VisibleRect.cpp; sourceTree = "<group>"; };
		793085E0199E665E0098E3B0 /* VisibleRect.h */ = {isa = PBXFileReference; fileEncoding = 4; lastKnownFileType = sourcecode.c.h; name = VisibleRect.h; path = ../Classes/VisibleRect.h; sourceTree = "<group>"; };
		79360D1E199EEA9700B56772 /* ani */ = {isa = PBXFileReference; lastKnownFileType = folder; path = ani; sourceTree = "<group>"; };
		79360D1F199EEA9700B56772 /* CloseNormal.png */ = {isa = PBXFileReference; lastKnownFileType = image.png; path = CloseNormal.png; sourceTree = "<group>"; };
		79360D20199EEA9700B56772 /* CloseSelected.png */ = {isa = PBXFileReference; lastKnownFileType = image.png; path = CloseSelected.png; sourceTree = "<group>"; };
		79360D21199EEA9700B56772 /* colorgame */ = {isa = PBXFileReference; lastKnownFileType = folder; path = colorgame; sourceTree = "<group>"; };
		79360D22199EEA9700B56772 /* DemoShop */ = {isa = PBXFileReference; lastKnownFileType = folder; path = DemoShop; sourceTree = "<group>"; };
		79360D23199EEA9700B56772 /* fonts */ = {isa = PBXFileReference; lastKnownFileType = folder; path = fonts; sourceTree = "<group>"; };
		79360D24199EEA9700B56772 /* HelloWorld.png */ = {isa = PBXFileReference; lastKnownFileType = image.png; path = HelloWorld.png; sourceTree = "<group>"; };
		79360D25199EEA9700B56772 /* img */ = {isa = PBXFileReference; lastKnownFileType = folder; path = img; sourceTree = "<group>"; };
		79360D26199EEA9700B56772 /* item.png */ = {isa = PBXFileReference; lastKnownFileType = image.png; path = item.png; sourceTree = "<group>"; };
		79360D27199EEA9700B56772 /* jsondata */ = {isa = PBXFileReference; lastKnownFileType = folder; path = jsondata; sourceTree = "<group>"; };
		79360D28199EEA9700B56772 /* loading.png */ = {isa = PBXFileReference; lastKnownFileType = image.png; path = loading.png; sourceTree = "<group>"; };
		79360D29199EEA9700B56772 /* particle */ = {isa = PBXFileReference; lastKnownFileType = folder; path = particle; sourceTree = "<group>"; };
		79360D2A199EEA9700B56772 /* publish */ = {isa = PBXFileReference; lastKnownFileType = folder; path = publish; sourceTree = "<group>"; };
		79360D2B199EEA9700B56772 /* SampleChangeEquip */ = {isa = PBXFileReference; lastKnownFileType = folder; path = SampleChangeEquip; sourceTree = "<group>"; };
		79360D2C199EEA9700B56772 /* ui */ = {isa = PBXFileReference; lastKnownFileType = folder; path = ui; sourceTree = "<group>"; };
		79360D3C199F03AD00B56772 /* Test.cpp */ = {isa = PBXFileReference; fileEncoding = 4; lastKnownFileType = sourcecode.cpp.cpp; name = Test.cpp; path = ../Classes/Test.cpp; sourceTree = "<group>"; };
		79360D3D199F03AD00B56772 /* Test.h */ = {isa = PBXFileReference; fileEncoding = 4; lastKnownFileType = sourcecode.c.h; name = Test.h; path = ../Classes/Test.h; sourceTree = "<group>"; };
		BF170DB012928DE900B8313A /* OpenGLES.framework */ = {isa = PBXFileReference; lastKnownFileType = wrapper.framework; name = OpenGLES.framework; path = System/Library/Frameworks/OpenGLES.framework; sourceTree = SDKROOT; };
		BF170DB412928DE900B8313A /* libz.dylib */ = {isa = PBXFileReference; lastKnownFileType = "compiled.mach-o.dylib"; name = libz.dylib; path = usr/lib/libz.dylib; sourceTree = SDKROOT; };
		BF1C47EA1293683800B63C5D /* QuartzCore.framework */ = {isa = PBXFileReference; lastKnownFileType = wrapper.framework; name = QuartzCore.framework; path = System/Library/Frameworks/QuartzCore.framework; sourceTree = SDKROOT; };
		D44C620B132DFF330009C878 /* OpenAL.framework */ = {isa = PBXFileReference; lastKnownFileType = wrapper.framework; name = OpenAL.framework; path = System/Library/Frameworks/OpenAL.framework; sourceTree = SDKROOT; };
		D44C620D132DFF430009C878 /* AVFoundation.framework */ = {isa = PBXFileReference; lastKnownFileType = wrapper.framework; name = AVFoundation.framework; path = System/Library/Frameworks/AVFoundation.framework; sourceTree = SDKROOT; };
		D44C620F132DFF4E0009C878 /* AudioToolbox.framework */ = {isa = PBXFileReference; lastKnownFileType = wrapper.framework; name = AudioToolbox.framework; path = System/Library/Frameworks/AudioToolbox.framework; sourceTree = SDKROOT; };
		D6B0611A1803AB670077942B /* CoreMotion.framework */ = {isa = PBXFileReference; lastKnownFileType = wrapper.framework; name = CoreMotion.framework; path = Platforms/iPhoneOS.platform/Developer/SDKs/iPhoneOS7.0.sdk/System/Library/Frameworks/CoreMotion.framework; sourceTree = DEVELOPER_DIR; };
/* End PBXFileReference section */

/* Begin PBXFrameworksBuildPhase section */
		1D60588F0D05DD3D006BFB54 /* Frameworks */ = {
			isa = PBXFrameworksBuildPhase;
			buildActionMask = 2147483647;
			files = (
				1AC6FB2E180E99EB004C840B /* libbox2d iOS.a in Frameworks */,
				1AC6FB2F180E99EB004C840B /* libchipmunk iOS.a in Frameworks */,
				1AC6FB30180E99EB004C840B /* libcocos2dx iOS.a in Frameworks */,
				1AC6FB31180E99EB004C840B /* libcocos2dx-extensions iOS.a in Frameworks */,
				1AC6FB32180E99EB004C840B /* libCocosDenshion iOS.a in Frameworks */,
				D6B0611B1803AB670077942B /* CoreMotion.framework in Frameworks */,
				1D60589F0D05DD5A006BFB54 /* Foundation.framework in Frameworks */,
				1DF5F4E00D08C38300B7A737 /* UIKit.framework in Frameworks */,
				288765A50DF7441C002DB57D /* CoreGraphics.framework in Frameworks */,
				BF171245129291EC00B8313A /* OpenGLES.framework in Frameworks */,
				BF1712471292920000B8313A /* libz.dylib in Frameworks */,
				BF1C47F01293687400B63C5D /* QuartzCore.framework in Frameworks */,
				D44C620C132DFF330009C878 /* OpenAL.framework in Frameworks */,
				D44C620E132DFF430009C878 /* AVFoundation.framework in Frameworks */,
				D44C6210132DFF4E0009C878 /* AudioToolbox.framework in Frameworks */,
			);
			runOnlyForDeploymentPostprocessing = 0;
		};
		5087E75C17EB910900C73F5D /* Frameworks */ = {
			isa = PBXFrameworksBuildPhase;
			buildActionMask = 2147483647;
			files = (
				1AC6FB1F180E996B004C840B /* libbox2d Mac.a in Frameworks */,
				1AC6FB20180E996B004C840B /* libchipmunk Mac.a in Frameworks */,
				1AC6FB21180E996B004C840B /* libcocos2dx Mac.a in Frameworks */,
				1AC6FB22180E996B004C840B /* libcocos2dx-extensions Mac.a in Frameworks */,
				1AC6FB23180E996B004C840B /* libCocosDenshion Mac.a in Frameworks */,
				503AE11217EB99EE00D1A890 /* libcurl.dylib in Frameworks */,
				5087E76717EB910900C73F5D /* libz.dylib in Frameworks */,
				503AE11B17EB9C5A00D1A890 /* IOKit.framework in Frameworks */,
				5087E78B17EB975400C73F5D /* OpenGL.framework in Frameworks */,
				5087E78917EB974C00C73F5D /* AppKit.framework in Frameworks */,
				5087E76317EB910900C73F5D /* Foundation.framework in Frameworks */,
				5087E76517EB910900C73F5D /* CoreGraphics.framework in Frameworks */,
				5087E76817EB910900C73F5D /* QuartzCore.framework in Frameworks */,
				5087E76917EB910900C73F5D /* OpenAL.framework in Frameworks */,
				5087E76A17EB910900C73F5D /* AVFoundation.framework in Frameworks */,
				5087E76B17EB910900C73F5D /* AudioToolbox.framework in Frameworks */,
			);
			runOnlyForDeploymentPostprocessing = 0;
		};
/* End PBXFrameworksBuildPhase section */

/* Begin PBXGroup section */
		080E96DDFE201D6D7F000001 /* ios */ = {
			isa = PBXGroup;
			children = (
				5087E77117EB970100C73F5D /* Icons */,
				503AE0FA17EB989F00D1A890 /* AppController.h */,
				503AE0FB17EB989F00D1A890 /* AppController.mm */,
				503AE0FC17EB989F00D1A890 /* main.m */,
				503AE0FD17EB989F00D1A890 /* Prefix.pch */,
				503AE0FE17EB989F00D1A890 /* RootViewController.h */,
				503AE0FF17EB989F00D1A890 /* RootViewController.mm */,
			);
			name = ios;
			path = Classes;
			sourceTree = "<group>";
		};
		15AA9C4015B7EC450033D6C2 /* Classes */ = {
			isa = PBXGroup;
			children = (
				7930856B199E665D0098E3B0 /* ckbase */,
				793085CA199E665D0098E3B0 /* game */,
				79308568199E665D0098E3B0 /* AppDelegate.cpp */,
				79308569199E665D0098E3B0 /* AppDelegate.h */,
				7930856A199E665D0098E3B0 /* AppMacros.h */,
				793085C8199E665D0098E3B0 /* FightScene.cpp */,
				793085C9199E665D0098E3B0 /* FightScene.h */,
				793085DB199E665D0098E3B0 /* GUIScene.cpp */,
				793085DC199E665E0098E3B0 /* GUIScene.h */,
				793085DD199E665E0098E3B0 /* HelloWorldScene.cpp */,
				793085DE199E665E0098E3B0 /* HelloWorldScene.h */,
				793085DF199E665E0098E3B0 /* VisibleRect.cpp */,
				793085E0199E665E0098E3B0 /* VisibleRect.h */,
				79360D3C199F03AD00B56772 /* Test.cpp */,
				79360D3D199F03AD00B56772 /* Test.h */,
			);
			name = Classes;
			path = ../classes;
			sourceTree = "<group>";
		};
		19C28FACFE9D520D11CA2CBB /* Products */ = {
			isa = PBXGroup;
			children = (
				1D6058910D05DD3D006BFB54 /* HelloGame iOS.app */,
				5087E76F17EB910900C73F5D /* HelloGame Mac.app */,
			);
			name = Products;
			sourceTree = "<group>";
		};
		1AC6FAE6180E9839004C840B /* Products */ = {
			isa = PBXGroup;
			children = (
				1AC6FAF9180E9839004C840B /* libcocos2dx Mac.a */,
				1AC6FAFB180E9839004C840B /* libcocos2dx-extensions Mac.a */,
				1AC6FAFD180E9839004C840B /* libchipmunk Mac.a */,
				1AC6FAFF180E9839004C840B /* libbox2d Mac.a */,
				1AC6FB01180E9839004C840B /* libCocosDenshion Mac.a */,
				1AC6FB07180E9839004C840B /* libcocos2dx iOS.a */,
				1AC6FB09180E9839004C840B /* libcocos2dx-extensions iOS.a */,
				1AC6FB0B180E9839004C840B /* libchipmunk iOS.a */,
				1AC6FB0D180E9839004C840B /* libbox2d iOS.a */,
				1AC6FB0F180E9839004C840B /* libCocosDenshion iOS.a */,
			);
			name = Products;
			sourceTree = "<group>";
		};
		29B97314FDCFA39411CA2CEA /* CustomTemplate */ = {
			isa = PBXGroup;
			children = (
				1AC6FAE5180E9839004C840B /* cocos2d_libs.xcodeproj */,
				15AA9C4015B7EC450033D6C2 /* Classes */,
				29B97323FDCFA39411CA2CEA /* Frameworks */,
				080E96DDFE201D6D7F000001 /* ios */,
				503AE10617EB990700D1A890 /* mac */,
				19C28FACFE9D520D11CA2CBB /* Products */,
				78C7DDAA14EBA5050085D0C2 /* Resources */,
			);
			name = CustomTemplate;
			sourceTree = "<group>";
		};
		29B97323FDCFA39411CA2CEA /* Frameworks */ = {
			isa = PBXGroup;
			children = (
				D6B0611A1803AB670077942B /* CoreMotion.framework */,
				503AE11A17EB9C5A00D1A890 /* IOKit.framework */,
				503AE11117EB99EE00D1A890 /* libcurl.dylib */,
				5087E78A17EB975400C73F5D /* OpenGL.framework */,
				5087E78817EB974C00C73F5D /* AppKit.framework */,
				1ACB3243164770DE00914215 /* libcurl.a */,
				BF170DB412928DE900B8313A /* libz.dylib */,
				D44C620F132DFF4E0009C878 /* AudioToolbox.framework */,
				D44C620D132DFF430009C878 /* AVFoundation.framework */,
				288765A40DF7441C002DB57D /* CoreGraphics.framework */,
				1D30AB110D05D00D00671497 /* Foundation.framework */,
				D44C620B132DFF330009C878 /* OpenAL.framework */,
				BF170DB012928DE900B8313A /* OpenGLES.framework */,
				BF1C47EA1293683800B63C5D /* QuartzCore.framework */,
				1DF5F4DF0D08C38300B7A737 /* UIKit.framework */,
			);
			name = Frameworks;
			sourceTree = "<group>";
		};
		503AE0F517EB97AB00D1A890 /* Icons */ = {
			isa = PBXGroup;
			children = (
				503AE0F617EB97AB00D1A890 /* Icon.icns */,
				503AE0F717EB97AB00D1A890 /* Info.plist */,
			);
			name = Icons;
			path = mac;
			sourceTree = SOURCE_ROOT;
		};
		503AE10617EB990700D1A890 /* mac */ = {
			isa = PBXGroup;
			children = (
				503AE0F517EB97AB00D1A890 /* Icons */,
				503AE10317EB98FF00D1A890 /* main.cpp */,
				503AE10417EB98FF00D1A890 /* Prefix.pch */,
			);
			name = mac;
			sourceTree = "<group>";
		};
		5087E77117EB970100C73F5D /* Icons */ = {
			isa = PBXGroup;
			children = (
				5087E77217EB970100C73F5D /* Default-568h@2x.png */,
				5087E77317EB970100C73F5D /* Default.png */,
				5087E77417EB970100C73F5D /* Default@2x.png */,
				50EF62A017ECD613001EB2F8 /* Icon-29.png */,
				50EF62A117ECD613001EB2F8 /* Icon-50.png */,
				50EF629217ECD46A001EB2F8 /* Icon-40.png */,
				50EF629317ECD46A001EB2F8 /* Icon-58.png */,
				50EF629417ECD46A001EB2F8 /* Icon-80.png */,
				50EF629517ECD46A001EB2F8 /* Icon-100.png */,
				5087E77517EB970100C73F5D /* Icon-114.png */,
				5087E77617EB970100C73F5D /* Icon-120.png */,
				5087E77717EB970100C73F5D /* Icon-144.png */,
				5087E77817EB970100C73F5D /* Icon-152.png */,
				5087E77917EB970100C73F5D /* Icon-57.png */,
				5087E77A17EB970100C73F5D /* Icon-72.png */,
				5087E77B17EB970100C73F5D /* Icon-76.png */,
				5087E77C17EB970100C73F5D /* Info.plist */,
			);
			name = Icons;
			path = ios;
			sourceTree = SOURCE_ROOT;
		};
		78C7DDAA14EBA5050085D0C2 /* Resources */ = {
			isa = PBXGroup;
			children = (
				79360D1E199EEA9700B56772 /* ani */,
				79360D1F199EEA9700B56772 /* CloseNormal.png */,
				79360D20199EEA9700B56772 /* CloseSelected.png */,
				79360D21199EEA9700B56772 /* colorgame */,
				79360D22199EEA9700B56772 /* DemoShop */,
				79360D23199EEA9700B56772 /* fonts */,
				79360D24199EEA9700B56772 /* HelloWorld.png */,
				79360D25199EEA9700B56772 /* img */,
				79360D26199EEA9700B56772 /* item.png */,
				79360D27199EEA9700B56772 /* jsondata */,
				79360D28199EEA9700B56772 /* loading.png */,
				79360D29199EEA9700B56772 /* particle */,
				79360D2A199EEA9700B56772 /* publish */,
				79360D2B199EEA9700B56772 /* SampleChangeEquip */,
				79360D2C199EEA9700B56772 /* ui */,
			);
			name = Resources;
			path = ../Resources;
			sourceTree = "<group>";
		};
		7930856B199E665D0098E3B0 /* ckbase */ = {
			isa = PBXGroup;
			children = (
				7930856C199E665D0098E3B0 /* CKCommon.cpp */,
				7930856D199E665D0098E3B0 /* CKCommon.h */,
				7930856E199E665D0098E3B0 /* CKConstants.cpp */,
				7930856F199E665D0098E3B0 /* CKConstants.h */,
				79308570199E665D0098E3B0 /* CKDialog.cpp */,
				79308571199E665D0098E3B0 /* CKDialog.h */,
				79308572199E665D0098E3B0 /* CKGameDataManager.cpp */,
				79308573199E665D0098E3B0 /* CKGameDataManager.h */,
				79308574199E665D0098E3B0 /* CKGameManager.cpp */,
				79308575199E665D0098E3B0 /* CKGameManager.h */,
				79308576199E665D0098E3B0 /* CKModel.cpp */,
				79308577199E665D0098E3B0 /* CKModel.h */,
				79308578199E665D0098E3B0 /* CKProtocols.cpp */,
				79308579199E665D0098E3B0 /* CKProtocols.h */,
				7930857A199E665D0098E3B0 /* CKScene.cpp */,
				7930857B199E665D0098E3B0 /* CKScene.h */,
				7930857C199E665D0098E3B0 /* device */,
				79308585199E665D0098E3B0 /* extentions */,
				793085B7199E665D0098E3B0 /* network */,
				793085C0199E665D0098E3B0 /* wrapper */,
			);
			name = ckbase;
			path = ../Classes/ckbase;
			sourceTree = "<group>";
		};
		7930857C199E665D0098E3B0 /* device */ = {
			isa = PBXGroup;
			children = (
				7930857F199E665D0098E3B0 /* CKDefaultDeviceEngine.cpp */,
				79308580199E665D0098E3B0 /* CKDefaultDeviceEngine.h */,
				79308581199E665D0098E3B0 /* CKDeviceEngine.cpp */,
				79308582199E665D0098E3B0 /* CKDeviceEngine.h */,
				79308583199E665D0098E3B0 /* CKIOSDeviceEngine.h */,
				79308584199E665D0098E3B0 /* CKIOSDeviceEngine.mm */,
			);
			path = device;
			sourceTree = "<group>";
		};
		79308585199E665D0098E3B0 /* extentions */ = {
			isa = PBXGroup;
			children = (
				79308586199E665D0098E3B0 /* ckjson */,
				7930858B199E665D0098E3B0 /* messagebox */,
				79308594199E665D0098E3B0 /* notification */,
				7930859D199E665D0098E3B0 /* pay */,
				793085A6199E665D0098E3B0 /* rating */,
				793085B1199E665D0098E3B0 /* trigger */,
			);
			path = extentions;
			sourceTree = "<group>";
		};
		79308586199E665D0098E3B0 /* ckjson */ = {
			isa = PBXGroup;
			children = (
				79308587199E665D0098E3B0 /* CKJsonHelper.cpp */,
				79308588199E665D0098E3B0 /* CKJsonHelper.h */,
				79308589199E665D0098E3B0 /* CKJsonModel.cpp */,
				7930858A199E665D0098E3B0 /* CKJsonModel.h */,
			);
			path = ckjson;
			sourceTree = "<group>";
		};
		7930858B199E665D0098E3B0 /* messagebox */ = {
			isa = PBXGroup;
			children = (
				7930858E199E665D0098E3B0 /* CKDefaultMessageBox.cpp */,
				7930858F199E665D0098E3B0 /* CKDefaultMessageBox.h */,
				79308590199E665D0098E3B0 /* CKIOSMessageBox.h */,
				79308591199E665D0098E3B0 /* CKIOSMessageBox.mm */,
				79308592199E665D0098E3B0 /* CKMessageBox.cpp */,
				79308593199E665D0098E3B0 /* CKMessageBox.h */,
			);
			path = messagebox;
			sourceTree = "<group>";
		};
		79308594199E665D0098E3B0 /* notification */ = {
			isa = PBXGroup;
			children = (
				79308597199E665D0098E3B0 /* CKDefaultNotificationEngine.cpp */,
				79308598199E665D0098E3B0 /* CKDefaultNotificationEngine.h */,
				79308599199E665D0098E3B0 /* CKIOSNotificationEngine.h */,
				7930859A199E665D0098E3B0 /* CKIOSNotificationEngine.mm */,
				7930859B199E665D0098E3B0 /* CKNotificationEngine.cpp */,
				7930859C199E665D0098E3B0 /* CKNotificationEngine.h */,
			);
			path = notification;
			sourceTree = "<group>";
		};
		7930859D199E665D0098E3B0 /* pay */ = {
			isa = PBXGroup;
			children = (
				793085A0199E665D0098E3B0 /* CKDefaultPayEngine.cpp */,
				793085A1199E665D0098E3B0 /* CKDefaultPayEngine.h */,
				793085A2199E665D0098E3B0 /* CKIOSPayEngine.h */,
				793085A3199E665D0098E3B0 /* CKIOSPayEngine.mm */,
				793085A4199E665D0098E3B0 /* CKPayEngine.cpp */,
				793085A5199E665D0098E3B0 /* CKPayEngine.h */,
			);
			path = pay;
			sourceTree = "<group>";
		};
		793085A6199E665D0098E3B0 /* rating */ = {
			isa = PBXGroup;
			children = (
				793085A9199E665D0098E3B0 /* CKDefaultRatingEngine.cpp */,
				793085AA199E665D0098E3B0 /* CKDefaultRatingEngine.h */,
				793085AB199E665D0098E3B0 /* CKIOSRatingEngine.h */,
				793085AC199E665D0098E3B0 /* CKIOSRatingEngine.mm */,
				793085AD199E665D0098E3B0 /* CKRatingDialog.cpp */,
				793085AE199E665D0098E3B0 /* CKRatingDialog.h */,
				793085AF199E665D0098E3B0 /* CKRatingEngine.cpp */,
				793085B0199E665D0098E3B0 /* CKRatingEngine.h */,
			);
			path = rating;
			sourceTree = "<group>";
		};
		793085B1199E665D0098E3B0 /* trigger */ = {
			isa = PBXGroup;
			children = (
				793085B2199E665D0098E3B0 /* acts.cpp */,
				793085B3199E665D0098E3B0 /* acts.h */,
				793085B4199E665D0098E3B0 /* cons.cpp */,
				793085B5199E665D0098E3B0 /* cons.h */,
				793085B6199E665D0098E3B0 /* EventDef.h */,
			);
			path = trigger;
			sourceTree = "<group>";
		};
		793085B7199E665D0098E3B0 /* network */ = {
			isa = PBXGroup;
			children = (
				793085B8199E665D0098E3B0 /* CKHttpModel.cpp */,
				793085B9199E665D0098E3B0 /* CKHttpModel.h */,
				793085BA199E665D0098E3B0 /* CKHttpUtils.cpp */,
				793085BB199E665D0098E3B0 /* CKHttpUtils.h */,
				793085BC199E665D0098E3B0 /* URLData.cpp */,
				793085BD199E665D0098E3B0 /* URLData.h */,
				793085BE199E665D0098E3B0 /* URLManager.cpp */,
				793085BF199E665D0098E3B0 /* URLManager.h */,
			);
			path = network;
			sourceTree = "<group>";
		};
		793085C0199E665D0098E3B0 /* wrapper */ = {
			isa = PBXGroup;
			children = (
				793085C2199E665D0098E3B0 /* CKDate.cpp */,
				793085C3199E665D0098E3B0 /* CKDate.h */,
				793085C4199E665D0098E3B0 /* CKDefaultWrapper.cpp */,
				793085C5199E665D0098E3B0 /* CKIOSWrapper.mm */,
				793085C6199E665D0098E3B0 /* CKWrapper.cpp */,
				793085C7199E665D0098E3B0 /* CKWrapper.h */,
			);
			path = wrapper;
			sourceTree = "<group>";
		};
		793085CA199E665D0098E3B0 /* game */ = {
			isa = PBXGroup;
			children = (
				793085CB199E665D0098E3B0 /* colorgame */,
				793085D6199E665D0098E3B0 /* drawgame */,
			);
			name = game;
			path = ../Classes/game;
			sourceTree = "<group>";
		};
		793085CB199E665D0098E3B0 /* colorgame */ = {
			isa = PBXGroup;
			children = (
				793085CC199E665D0098E3B0 /* CKColorGameLayer.cpp */,
				793085CD199E665D0098E3B0 /* CKColorGameLayer.h */,
				793085CE199E665D0098E3B0 /* CKColorGameManager.cpp */,
				793085CF199E665D0098E3B0 /* CKColorGameManager.h */,
				793085D0199E665D0098E3B0 /* CKColorGameScene.cpp */,
				793085D1199E665D0098E3B0 /* CKColorGameScene.h */,
				793085D2199E665D0098E3B0 /* CKColorGameScoreManager.cpp */,
				793085D3199E665D0098E3B0 /* CKColorGameScoreManager.h */,
				793085D4199E665D0098E3B0 /* CKColorItem.cpp */,
				793085D5199E665D0098E3B0 /* CKColorItem.h */,
			);
			path = colorgame;
			sourceTree = "<group>";
		};
		793085D6199E665D0098E3B0 /* drawgame */ = {
			isa = PBXGroup;
			children = (
				793085D7199E665D0098E3B0 /* CKSequenceLayer.cpp */,
				793085D8199E665D0098E3B0 /* CKSequenceLayer.h */,
				793085D9199E665D0098E3B0 /* DrawScene.cpp */,
				793085DA199E665D0098E3B0 /* DrawScene.h */,
			);
			path = drawgame;
			sourceTree = "<group>";
		};
/* End PBXGroup section */

/* Begin PBXNativeTarget section */
		1D6058900D05DD3D006BFB54 /* HelloGame iOS */ = {
			isa = PBXNativeTarget;
			buildConfigurationList = 1D6058960D05DD3E006BFB54 /* Build configuration list for PBXNativeTarget "HelloGame iOS" */;
			buildPhases = (
				1D60588D0D05DD3D006BFB54 /* Resources */,
				1D60588E0D05DD3D006BFB54 /* Sources */,
				1D60588F0D05DD3D006BFB54 /* Frameworks */,
			);
			buildRules = (
			);
			dependencies = (
				1AC6FB25180E99E1004C840B /* PBXTargetDependency */,
				1AC6FB27180E99E1004C840B /* PBXTargetDependency */,
				1AC6FB29180E99E1004C840B /* PBXTargetDependency */,
				1AC6FB2B180E99E1004C840B /* PBXTargetDependency */,
				1AC6FB2D180E99E1004C840B /* PBXTargetDependency */,
			);
			name = "HelloGame iOS";
			productName = iphone;
			productReference = 1D6058910D05DD3D006BFB54 /* HelloGame iOS.app */;
			productType = "com.apple.product-type.application";
		};
		5087E73D17EB910900C73F5D /* HelloGame Mac */ = {
			isa = PBXNativeTarget;
			buildConfigurationList = 5087E76C17EB910900C73F5D /* Build configuration list for PBXNativeTarget "HelloGame Mac" */;
			buildPhases = (
				5087E74817EB910900C73F5D /* Resources */,
				5087E75617EB910900C73F5D /* Sources */,
				5087E75C17EB910900C73F5D /* Frameworks */,
			);
			buildRules = (
			);
			dependencies = (
				1AC6FB1E180E9963004C840B /* PBXTargetDependency */,
				1AC6FB16180E9959004C840B /* PBXTargetDependency */,
				1AC6FB18180E9959004C840B /* PBXTargetDependency */,
				1AC6FB1A180E9959004C840B /* PBXTargetDependency */,
				1AC6FB1C180E9959004C840B /* PBXTargetDependency */,
			);
			name = "HelloGame Mac";
			productName = iphone;
			productReference = 5087E76F17EB910900C73F5D /* HelloGame Mac.app */;
			productType = "com.apple.product-type.application";
		};
/* End PBXNativeTarget section */

/* Begin PBXProject section */
		29B97313FDCFA39411CA2CEA /* Project object */ = {
			isa = PBXProject;
			attributes = {
				LastUpgradeCheck = 0500;
				TargetAttributes = {
					1D6058900D05DD3D006BFB54 = {
						DevelopmentTeam = MDDB52YB8L;
					};
				};
			};
			buildConfigurationList = C01FCF4E08A954540054247B /* Build configuration list for PBXProject "HelloGame" */;
			compatibilityVersion = "Xcode 3.2";
			developmentRegion = English;
			hasScannedForEncodings = 1;
			knownRegions = (
				English,
				Japanese,
				French,
				German,
			);
			mainGroup = 29B97314FDCFA39411CA2CEA /* CustomTemplate */;
			projectDirPath = "";
			projectReferences = (
				{
					ProductGroup = 1AC6FAE6180E9839004C840B /* Products */;
					ProjectRef = 1AC6FAE5180E9839004C840B /* cocos2d_libs.xcodeproj */;
				},
			);
			projectRoot = "";
			targets = (
				1D6058900D05DD3D006BFB54 /* HelloGame iOS */,
				5087E73D17EB910900C73F5D /* HelloGame Mac */,
			);
		};
/* End PBXProject section */

/* Begin PBXReferenceProxy section */
		1AC6FAF9180E9839004C840B /* libcocos2dx Mac.a */ = {
			isa = PBXReferenceProxy;
			fileType = archive.ar;
			path = "libcocos2dx Mac.a";
			remoteRef = 1AC6FAF8180E9839004C840B /* PBXContainerItemProxy */;
			sourceTree = BUILT_PRODUCTS_DIR;
		};
		1AC6FAFB180E9839004C840B /* libcocos2dx-extensions Mac.a */ = {
			isa = PBXReferenceProxy;
			fileType = archive.ar;
			path = "libcocos2dx-extensions Mac.a";
			remoteRef = 1AC6FAFA180E9839004C840B /* PBXContainerItemProxy */;
			sourceTree = BUILT_PRODUCTS_DIR;
		};
		1AC6FAFD180E9839004C840B /* libchipmunk Mac.a */ = {
			isa = PBXReferenceProxy;
			fileType = archive.ar;
			path = "libchipmunk Mac.a";
			remoteRef = 1AC6FAFC180E9839004C840B /* PBXContainerItemProxy */;
			sourceTree = BUILT_PRODUCTS_DIR;
		};
		1AC6FAFF180E9839004C840B /* libbox2d Mac.a */ = {
			isa = PBXReferenceProxy;
			fileType = archive.ar;
			path = "libbox2d Mac.a";
			remoteRef = 1AC6FAFE180E9839004C840B /* PBXContainerItemProxy */;
			sourceTree = BUILT_PRODUCTS_DIR;
		};
		1AC6FB01180E9839004C840B /* libCocosDenshion Mac.a */ = {
			isa = PBXReferenceProxy;
			fileType = archive.ar;
			path = "libCocosDenshion Mac.a";
			remoteRef = 1AC6FB00180E9839004C840B /* PBXContainerItemProxy */;
			sourceTree = BUILT_PRODUCTS_DIR;
		};
		1AC6FB07180E9839004C840B /* libcocos2dx iOS.a */ = {
			isa = PBXReferenceProxy;
			fileType = archive.ar;
			path = "libcocos2dx iOS.a";
			remoteRef = 1AC6FB06180E9839004C840B /* PBXContainerItemProxy */;
			sourceTree = BUILT_PRODUCTS_DIR;
		};
		1AC6FB09180E9839004C840B /* libcocos2dx-extensions iOS.a */ = {
			isa = PBXReferenceProxy;
			fileType = archive.ar;
			path = "libcocos2dx-extensions iOS.a";
			remoteRef = 1AC6FB08180E9839004C840B /* PBXContainerItemProxy */;
			sourceTree = BUILT_PRODUCTS_DIR;
		};
		1AC6FB0B180E9839004C840B /* libchipmunk iOS.a */ = {
			isa = PBXReferenceProxy;
			fileType = archive.ar;
			path = "libchipmunk iOS.a";
			remoteRef = 1AC6FB0A180E9839004C840B /* PBXContainerItemProxy */;
			sourceTree = BUILT_PRODUCTS_DIR;
		};
		1AC6FB0D180E9839004C840B /* libbox2d iOS.a */ = {
			isa = PBXReferenceProxy;
			fileType = archive.ar;
			path = "libbox2d iOS.a";
			remoteRef = 1AC6FB0C180E9839004C840B /* PBXContainerItemProxy */;
			sourceTree = BUILT_PRODUCTS_DIR;
		};
		1AC6FB0F180E9839004C840B /* libCocosDenshion iOS.a */ = {
			isa = PBXReferenceProxy;
			fileType = archive.ar;
			path = "libCocosDenshion iOS.a";
			remoteRef = 1AC6FB0E180E9839004C840B /* PBXContainerItemProxy */;
			sourceTree = BUILT_PRODUCTS_DIR;
		};
/* End PBXReferenceProxy section */

/* Begin PBXResourcesBuildPhase section */
		1D60588D0D05DD3D006BFB54 /* Resources */ = {
			isa = PBXResourcesBuildPhase;
			buildActionMask = 2147483647;
			files = (
				79360D34199EEA9700B56772 /* img in Resources */,
				5087E78117EB970100C73F5D /* Icon-120.png in Resources */,
				79360D36199EEA9700B56772 /* jsondata in Resources */,
				5087E78617EB970100C73F5D /* Icon-76.png in Resources */,
				5087E77F17EB970100C73F5D /* Default@2x.png in Resources */,
				79360D39199EEA9700B56772 /* publish in Resources */,
				79360D2D199EEA9700B56772 /* ani in Resources */,
				50EF629917ECD46A001EB2F8 /* Icon-100.png in Resources */,
				5087E78317EB970100C73F5D /* Icon-152.png in Resources */,
				5087E77D17EB970100C73F5D /* Default-568h@2x.png in Resources */,
				79360D2E199EEA9700B56772 /* CloseNormal.png in Resources */,
				5087E78517EB970100C73F5D /* Icon-72.png in Resources */,
				79360D33199EEA9700B56772 /* HelloWorld.png in Resources */,
				79360D38199EEA9700B56772 /* particle in Resources */,
				50EF62A317ECD613001EB2F8 /* Icon-50.png in Resources */,
				5087E78017EB970100C73F5D /* Icon-114.png in Resources */,
				79360D32199EEA9700B56772 /* fonts in Resources */,
				79360D3A199EEA9700B56772 /* SampleChangeEquip in Resources */,
				79360D2F199EEA9700B56772 /* CloseSelected.png in Resources */,
				50EF62A217ECD613001EB2F8 /* Icon-29.png in Resources */,
				79360D35199EEA9700B56772 /* item.png in Resources */,
				79360D37199EEA9700B56772 /* loading.png in Resources */,
				50EF629617ECD46A001EB2F8 /* Icon-40.png in Resources */,
				5087E78217EB970100C73F5D /* Icon-144.png in Resources */,
				50EF629817ECD46A001EB2F8 /* Icon-80.png in Resources */,
				5087E78417EB970100C73F5D /* Icon-57.png in Resources */,
				5087E77E17EB970100C73F5D /* Default.png in Resources */,
				79360D30199EEA9700B56772 /* colorgame in Resources */,
				79360D3B199EEA9700B56772 /* ui in Resources */,
				79360D31199EEA9700B56772 /* DemoShop in Resources */,
				50EF629717ECD46A001EB2F8 /* Icon-58.png in Resources */,
			);
			runOnlyForDeploymentPostprocessing = 0;
		};
		5087E74817EB910900C73F5D /* Resources */ = {
			isa = PBXResourcesBuildPhase;
			buildActionMask = 2147483647;
			files = (
				503AE0F817EB97AB00D1A890 /* Icon.icns in Resources */,
			);
			runOnlyForDeploymentPostprocessing = 0;
		};
/* End PBXResourcesBuildPhase section */

/* Begin PBXSourcesBuildPhase section */
		1D60588E0D05DD3D006BFB54 /* Sources */ = {
			isa = PBXSourcesBuildPhase;
			buildActionMask = 2147483647;
			files = (
				793085E1199E665E0098E3B0 /* AppDelegate.cpp in Sources */,
				793085F3199E665E0098E3B0 /* CKMessageBox.cpp in Sources */,
				793085F9199E665E0098E3B0 /* CKDefaultPayEngine.cpp in Sources */,
				793085EB199E665E0098E3B0 /* CKDefaultDeviceEngine.cpp in Sources */,
				793085E3199E665E0098E3B0 /* CKConstants.cpp in Sources */,
				79308608199E665E0098E3B0 /* CKDate.cpp in Sources */,
				79308612199E665E0098E3B0 /* CKSequenceLayer.cpp in Sources */,
				7930860E199E665E0098E3B0 /* CKColorGameManager.cpp in Sources */,
				793085EF199E665E0098E3B0 /* CKJsonModel.cpp in Sources */,
				79308600199E665E0098E3B0 /* CKRatingEngine.cpp in Sources */,
				793085E8199E665E0098E3B0 /* CKProtocols.cpp in Sources */,
				7930860D199E665E0098E3B0 /* CKColorGameLayer.cpp in Sources */,
				503AE10017EB989F00D1A890 /* AppController.mm in Sources */,
				79308602199E665E0098E3B0 /* cons.cpp in Sources */,
				79308616199E665E0098E3B0 /* VisibleRect.cpp in Sources */,
				79308604199E665E0098E3B0 /* CKHttpUtils.cpp in Sources */,
				793085F7199E665E0098E3B0 /* CKNotificationEngine.cpp in Sources */,
				793085F5199E665E0098E3B0 /* CKDefaultNotificationEngine.cpp in Sources */,
				793085E9199E665E0098E3B0 /* CKScene.cpp in Sources */,
				793085E5199E665E0098E3B0 /* CKGameDataManager.cpp in Sources */,
				793085F1199E665E0098E3B0 /* CKDefaultMessageBox.cpp in Sources */,
				793085FA199E665E0098E3B0 /* CKIOSPayEngine.mm in Sources */,
				7930860F199E665E0098E3B0 /* CKColorGameScene.cpp in Sources */,
				79308613199E665E0098E3B0 /* DrawScene.cpp in Sources */,
				793085FE199E665E0098E3B0 /* CKIOSRatingEngine.mm in Sources */,
				793085E2199E665E0098E3B0 /* CKCommon.cpp in Sources */,
				79308601199E665E0098E3B0 /* acts.cpp in Sources */,
				79308615199E665E0098E3B0 /* HelloWorldScene.cpp in Sources */,
				79308609199E665E0098E3B0 /* CKDefaultWrapper.cpp in Sources */,
				79360D3E199F03AD00B56772 /* Test.cpp in Sources */,
				503AE10217EB989F00D1A890 /* RootViewController.mm in Sources */,
				79308603199E665E0098E3B0 /* CKHttpModel.cpp in Sources */,
				79308605199E665E0098E3B0 /* URLData.cpp in Sources */,
				79308606199E665E0098E3B0 /* URLManager.cpp in Sources */,
				793085EC199E665E0098E3B0 /* CKDeviceEngine.cpp in Sources */,
				79308614199E665E0098E3B0 /* GUIScene.cpp in Sources */,
				793085ED199E665E0098E3B0 /* CKIOSDeviceEngine.mm in Sources */,
				793085FB199E665E0098E3B0 /* CKPayEngine.cpp in Sources */,
				793085E6199E665E0098E3B0 /* CKGameManager.cpp in Sources */,
				793085FF199E665E0098E3B0 /* CKRatingDialog.cpp in Sources */,
				793085E4199E665E0098E3B0 /* CKDialog.cpp in Sources */,
				793085FD199E665E0098E3B0 /* CKDefaultRatingEngine.cpp in Sources */,
				503AE10117EB989F00D1A890 /* main.m in Sources */,
				79308610199E665E0098E3B0 /* CKColorGameScoreManager.cpp in Sources */,
				793085EE199E665E0098E3B0 /* CKJsonHelper.cpp in Sources */,
				79308611199E665E0098E3B0 /* CKColorItem.cpp in Sources */,
				7930860C199E665E0098E3B0 /* FightScene.cpp in Sources */,
				793085F6199E665E0098E3B0 /* CKIOSNotificationEngine.mm in Sources */,
				7930860A199E665E0098E3B0 /* CKIOSWrapper.mm in Sources */,
				793085E7199E665E0098E3B0 /* CKModel.cpp in Sources */,
				7930860B199E665E0098E3B0 /* CKWrapper.cpp in Sources */,
				793085F2199E665E0098E3B0 /* CKIOSMessageBox.mm in Sources */,
			);
			runOnlyForDeploymentPostprocessing = 0;
		};
		5087E75617EB910900C73F5D /* Sources */ = {
			isa = PBXSourcesBuildPhase;
			buildActionMask = 2147483647;
			files = (
				503AE10517EB98FF00D1A890 /* main.cpp in Sources */,
			);
			runOnlyForDeploymentPostprocessing = 0;
		};
/* End PBXSourcesBuildPhase section */

/* Begin PBXTargetDependency section */
		1AC6FB16180E9959004C840B /* PBXTargetDependency */ = {
			isa = PBXTargetDependency;
			name = "cocos2dx Mac";
			targetProxy = 1AC6FB15180E9959004C840B /* PBXContainerItemProxy */;
		};
		1AC6FB18180E9959004C840B /* PBXTargetDependency */ = {
			isa = PBXTargetDependency;
			name = "cocos2dx-extensions Mac";
			targetProxy = 1AC6FB17180E9959004C840B /* PBXContainerItemProxy */;
		};
		1AC6FB1A180E9959004C840B /* PBXTargetDependency */ = {
			isa = PBXTargetDependency;
			name = "chipmunk Mac";
			targetProxy = 1AC6FB19180E9959004C840B /* PBXContainerItemProxy */;
		};
		1AC6FB1C180E9959004C840B /* PBXTargetDependency */ = {
			isa = PBXTargetDependency;
			name = "CocosDenshion Mac";
			targetProxy = 1AC6FB1B180E9959004C840B /* PBXContainerItemProxy */;
		};
		1AC6FB1E180E9963004C840B /* PBXTargetDependency */ = {
			isa = PBXTargetDependency;
			name = "box2d Mac";
			targetProxy = 1AC6FB1D180E9963004C840B /* PBXContainerItemProxy */;
		};
		1AC6FB25180E99E1004C840B /* PBXTargetDependency */ = {
			isa = PBXTargetDependency;
			name = "cocos2dx iOS";
			targetProxy = 1AC6FB24180E99E1004C840B /* PBXContainerItemProxy */;
		};
		1AC6FB27180E99E1004C840B /* PBXTargetDependency */ = {
			isa = PBXTargetDependency;
			name = "cocos2dx-extensions iOS";
			targetProxy = 1AC6FB26180E99E1004C840B /* PBXContainerItemProxy */;
		};
		1AC6FB29180E99E1004C840B /* PBXTargetDependency */ = {
			isa = PBXTargetDependency;
			name = "chipmunk iOS";
			targetProxy = 1AC6FB28180E99E1004C840B /* PBXContainerItemProxy */;
		};
		1AC6FB2B180E99E1004C840B /* PBXTargetDependency */ = {
			isa = PBXTargetDependency;
			name = "box2d iOS";
			targetProxy = 1AC6FB2A180E99E1004C840B /* PBXContainerItemProxy */;
		};
		1AC6FB2D180E99E1004C840B /* PBXTargetDependency */ = {
			isa = PBXTargetDependency;
			name = "CocosDenshion iOS";
			targetProxy = 1AC6FB2C180E99E1004C840B /* PBXContainerItemProxy */;
		};
/* End PBXTargetDependency section */

/* Begin XCBuildConfiguration section */
		1D6058940D05DD3E006BFB54 /* Debug */ = {
			isa = XCBuildConfiguration;
			buildSettings = {
				ALWAYS_SEARCH_USER_PATHS = YES;
				CODE_SIGN_IDENTITY = "iPhone Developer";
				COMPRESS_PNG_FILES = NO;
				GCC_DYNAMIC_NO_PIC = NO;
				GCC_INLINES_ARE_PRIVATE_EXTERN = NO;
				GCC_PRECOMPILE_PREFIX_HEADER = YES;
				GCC_PREFIX_HEADER = ios/Prefix.pch;
				GCC_PREPROCESSOR_DEFINITIONS = (
					USE_FILE32API,
					CC_TARGET_OS_IPHONE,
					"COCOS2D_DEBUG=1",
					"CC_ENABLE_CHIPMUNK_INTEGRATION=1",
				);
				GCC_SYMBOLS_PRIVATE_EXTERN = NO;
				HEADER_SEARCH_PATHS = (
					"$(inherited)",
					"$(SRCROOT)/../cocos2d/cocos/2d/platform/ios",
					"$(SRCROOT)/../cocos2d/cocos/2d/platform/ios/Simulation",
				);
				INFOPLIST_FILE = ios/Info.plist;
				IPHONEOS_DEPLOYMENT_TARGET = 5.0;
				LIBRARY_SEARCH_PATHS = "";
				SDKROOT = iphoneos;
				TARGETED_DEVICE_FAMILY = "1,2";
				USER_HEADER_SEARCH_PATHS = "";
			};
			name = Debug;
		};
		1D6058950D05DD3E006BFB54 /* Release */ = {
			isa = XCBuildConfiguration;
			buildSettings = {
				ALWAYS_SEARCH_USER_PATHS = YES;
				CODE_SIGN_IDENTITY = "iPhone Developer";
				COMPRESS_PNG_FILES = NO;
				GCC_INLINES_ARE_PRIVATE_EXTERN = NO;
				GCC_PRECOMPILE_PREFIX_HEADER = YES;
				GCC_PREFIX_HEADER = ios/Prefix.pch;
				GCC_PREPROCESSOR_DEFINITIONS = (
					USE_FILE32API,
					CC_TARGET_OS_IPHONE,
					"CC_ENABLE_CHIPMUNK_INTEGRATION=1",
				);
				GCC_SYMBOLS_PRIVATE_EXTERN = NO;
				HEADER_SEARCH_PATHS = (
					"$(inherited)",
					"$(SRCROOT)/../cocos2d/cocos/2d/platform/ios",
					"$(SRCROOT)/../cocos2d/cocos/2d/platform/ios/Simulation",
				);
				INFOPLIST_FILE = ios/Info.plist;
				IPHONEOS_DEPLOYMENT_TARGET = 5.0;
				LIBRARY_SEARCH_PATHS = "";
				SDKROOT = iphoneos;
				TARGETED_DEVICE_FAMILY = "1,2";
				USER_HEADER_SEARCH_PATHS = "";
			};
			name = Release;
		};
		5087E76D17EB910900C73F5D /* Debug */ = {
			isa = XCBuildConfiguration;
			buildSettings = {
				ALWAYS_SEARCH_USER_PATHS = YES;
				ARCHS = "$(ARCHS_STANDARD_64_BIT)";
				CLANG_CXX_LANGUAGE_STANDARD = "c++0x";
				CLANG_CXX_LIBRARY = "libc++";
				GCC_DYNAMIC_NO_PIC = NO;
				GCC_INLINES_ARE_PRIVATE_EXTERN = NO;
				GCC_PRECOMPILE_PREFIX_HEADER = YES;
				GCC_PREFIX_HEADER = mac/Prefix.pch;
				GCC_PREPROCESSOR_DEFINITIONS = (
					USE_FILE32API,
					CC_TARGET_OS_MAC,
					"COCOS2D_DEBUG=1",
					"CC_ENABLE_CHIPMUNK_INTEGRATION=1",
				);
				GCC_SYMBOLS_PRIVATE_EXTERN = NO;
				HEADER_SEARCH_PATHS = (
					"$(inherited)",
					"$(SRCROOT)/../cocos2d/cocos/2d/platform/mac",
					"$(SRCROOT)/../cocos2d/external/glfw3/include/mac",
				);
				INFOPLIST_FILE = mac/Info.plist;
				LIBRARY_SEARCH_PATHS = "";
				USER_HEADER_SEARCH_PATHS = "";
			};
			name = Debug;
		};
		5087E76E17EB910900C73F5D /* Release */ = {
			isa = XCBuildConfiguration;
			buildSettings = {
				ALWAYS_SEARCH_USER_PATHS = YES;
				ARCHS = "$(ARCHS_STANDARD_64_BIT)";
				CLANG_CXX_LANGUAGE_STANDARD = "c++0x";
				CLANG_CXX_LIBRARY = "libc++";
				GCC_INLINES_ARE_PRIVATE_EXTERN = NO;
				GCC_PRECOMPILE_PREFIX_HEADER = YES;
				GCC_PREFIX_HEADER = mac/Prefix.pch;
				GCC_PREPROCESSOR_DEFINITIONS = (
					USE_FILE32API,
					CC_TARGET_OS_MAC,
					"CC_ENABLE_CHIPMUNK_INTEGRATION=1",
				);
				GCC_SYMBOLS_PRIVATE_EXTERN = NO;
				HEADER_SEARCH_PATHS = (
					"$(inherited)",
					"$(SRCROOT)/../cocos2d/cocos/2d/platform/mac",
					"$(SRCROOT)/../cocos2d/external/glfw3/include/mac",
				);
				INFOPLIST_FILE = mac/Info.plist;
				LIBRARY_SEARCH_PATHS = "";
				USER_HEADER_SEARCH_PATHS = "";
			};
			name = Release;
		};
		C01FCF4F08A954540054247B /* Debug */ = {
			isa = XCBuildConfiguration;
			buildSettings = {
				CLANG_CXX_LANGUAGE_STANDARD = "c++0x";
				CLANG_CXX_LIBRARY = "libc++";
				COPY_PHASE_STRIP = NO;
				GCC_OPTIMIZATION_LEVEL = 0;
				GCC_WARN_ABOUT_RETURN_TYPE = YES;
				GCC_WARN_UNUSED_VARIABLE = YES;
				HEADER_SEARCH_PATHS = (
					"$(SRCROOT)/../cocos2d",
					"$(SRCROOT)/../cocos2d/cocos",
					"$(SRCROOT)/../cocos2d/cocos/base",
					"$(SRCROOT)/../cocos2d/cocos/physics",
					"$(SRCROOT)/../cocos2d/cocos/math/kazmath",
					"$(SRCROOT)/../cocos2d/cocos/2d",
					"$(SRCROOT)/../cocos2d/cocos/ui",
					"$(SRCROOT)/../cocos2d/cocos/network",
					"$(SRCROOT)/../cocos2d/cocos/audio/include",
					"$(SRCROOT)/../cocos2d/cocos/editor-support",
					"$(SRCROOT)/../cocos2d/extensions",
					"$(SRCROOT)/../cocos2d/external",
					"$(SRCROOT)/../cocos2d/external/chipmunk/include/chipmunk",
				);
				ONLY_ACTIVE_ARCH = YES;
				PRODUCT_NAME = "$(TARGET_NAME)";
				SDKROOT = macosx;
			};
			name = Debug;
		};
		C01FCF5008A954540054247B /* Release */ = {
			isa = XCBuildConfiguration;
			buildSettings = {
				CLANG_CXX_LANGUAGE_STANDARD = "c++0x";
				CLANG_CXX_LIBRARY = "libc++";
				GCC_WARN_ABOUT_RETURN_TYPE = YES;
				GCC_WARN_UNUSED_VARIABLE = YES;
				HEADER_SEARCH_PATHS = (
					"$(SRCROOT)/../cocos2d",
					"$(SRCROOT)/../cocos2d/cocos",
					"$(SRCROOT)/../cocos2d/cocos/base",
					"$(SRCROOT)/../cocos2d/cocos/physics",
					"$(SRCROOT)/../cocos2d/cocos/math/kazmath",
					"$(SRCROOT)/../cocos2d/cocos/2d",
					"$(SRCROOT)/../cocos2d/cocos/ui",
					"$(SRCROOT)/../cocos2d/cocos/network",
					"$(SRCROOT)/../cocos2d/cocos/audio/include",
					"$(SRCROOT)/../cocos2d/cocos/editor-support",
					"$(SRCROOT)/../cocos2d/extensions",
					"$(SRCROOT)/../cocos2d/external",
					"$(SRCROOT)/../cocos2d/external/chipmunk/include/chipmunk",
				);
				OTHER_CFLAGS = "-DNS_BLOCK_ASSERTIONS=1";
				PRODUCT_NAME = "$(TARGET_NAME)";
				SDKROOT = macosx;
				VALIDATE_PRODUCT = YES;
			};
			name = Release;
		};
/* End XCBuildConfiguration section */

/* Begin XCConfigurationList section */
		1D6058960D05DD3E006BFB54 /* Build configuration list for PBXNativeTarget "HelloGame iOS" */ = {
			isa = XCConfigurationList;
			buildConfigurations = (
				1D6058940D05DD3E006BFB54 /* Debug */,
				1D6058950D05DD3E006BFB54 /* Release */,
			);
			defaultConfigurationIsVisible = 0;
			defaultConfigurationName = Debug;
		};
		5087E76C17EB910900C73F5D /* Build configuration list for PBXNativeTarget "HelloGame Mac" */ = {
			isa = XCConfigurationList;
			buildConfigurations = (
				5087E76D17EB910900C73F5D /* Debug */,
				5087E76E17EB910900C73F5D /* Release */,
			);
			defaultConfigurationIsVisible = 0;
			defaultConfigurationName = Debug;
		};
		C01FCF4E08A954540054247B /* Build configuration list for PBXProject "HelloGame" */ = {
			isa = XCConfigurationList;
			buildConfigurations = (
				C01FCF4F08A954540054247B /* Debug */,
				C01FCF5008A954540054247B /* Release */,
			);
			defaultConfigurationIsVisible = 0;
			defaultConfigurationName = Debug;
		};
/* End XCConfigurationList section */
	};
	rootObject = 29B97313FDCFA39411CA2CEA /* Project object */;
}
